{
  "version": 4,
  "terraform_version": "1.12.2",
  "serial": 1074,
  "lineage": "4e1e465d-ff70-e7ba-fb8a-c2ed6beb4d55",
  "outputs": {
    "endpoint": {
      "value": "https://F7793E955B80EAA3E372030FDF8836C8.gr7.eu-central-1.eks.amazonaws.com",
      "type": "string"
    }
  },
  "resources": [
    {
      "mode": "data",
      "type": "aws_availability_zones",
      "name": "available",
      "provider": "provider[\"registry.terraform.io/hashicorp/aws\"]",
      "instances": [
        {
          "schema_version": 0,
          "attributes": {
            "all_availability_zones": null,
            "exclude_names": null,
            "exclude_zone_ids": null,
            "filter": null,
            "group_names": [
              "eu-central-1-zg-1"
            ],
            "id": "eu-central-1",
            "names": [
              "eu-central-1a",
              "eu-central-1b",
              "eu-central-1c"
            ],
            "region": "eu-central-1",
            "state": "available",
            "timeouts": null,
            "zone_ids": [
              "euc1-az2",
              "euc1-az3",
              "euc1-az1"
            ]
          },
          "sensitive_attributes": [],
          "identity_schema_version": 0
        }
      ]
    },
    {
      "mode": "managed",
      "type": "aws_eip",
      "name": "test_eip",
      "provider": "provider[\"registry.terraform.io/hashicorp/aws\"]",
      "instances": [
        {
          "schema_version": 0,
          "attributes": {
            "address": null,
            "allocation_id": "eipalloc-02424efdf6d222d4b",
            "arn": "arn:aws:ec2:eu-central-1:913024026099:elastic-ip/eipalloc-02424efdf6d222d4b",
            "associate_with_private_ip": null,
            "association_id": "eipassoc-010fd1398e51051f9",
            "carrier_ip": "",
            "customer_owned_ip": "",
            "customer_owned_ipv4_pool": "",
            "domain": "vpc",
            "id": "eipalloc-02424efdf6d222d4b",
            "instance": "",
            "ipam_pool_id": null,
            "network_border_group": "eu-central-1",
            "network_interface": "eni-02515c333a7dd92b0",
            "private_dns": "ip-10-0-0-120.eu-central-1.compute.internal",
            "private_ip": "10.0.0.120",
            "ptr_record": "",
            "public_dns": "ec2-63-180-77-142.eu-central-1.compute.amazonaws.com",
            "public_ip": "63.180.77.142",
            "public_ipv4_pool": "amazon",
            "region": "eu-central-1",
            "tags": {},
            "tags_all": {},
            "timeouts": null
          },
          "sensitive_attributes": [],
          "identity_schema_version": 0,
          "private": "eyJlMmJmYjczMC1lY2FhLTExZTYtOGY4OC0zNDM2M2JjN2M0YzAiOnsiZGVsZXRlIjoxODAwMDAwMDAwMDAsInJlYWQiOjkwMDAwMDAwMDAwMCwidXBkYXRlIjozMDAwMDAwMDAwMDB9fQ==",
          "dependencies": [
            "aws_internet_gateway.test_igw",
            "aws_vpc.test_vpc"
          ]
        }
      ]
    },
    {
      "mode": "managed",
      "type": "aws_eks_cluster",
      "name": "test_eks_cluster",
      "provider": "provider[\"registry.terraform.io/hashicorp/aws\"]",
      "instances": [
        {
          "schema_version": 1,
          "attributes": {
            "access_config": [
              {
                "authentication_mode": "API",
                "bootstrap_cluster_creator_admin_permissions": true
              }
            ],
            "arn": "arn:aws:eks:eu-central-1:913024026099:cluster/test_eks_cluster",
            "bootstrap_self_managed_addons": true,
            "certificate_authority": [
              {
                "data": "LS0tLS1CRUdJTiBDRVJUSUZJQ0FURS0tLS0tCk1JSURCVENDQWUyZ0F3SUJBZ0lJUG82N3VjWG5aTVV3RFFZSktvWklodmNOQVFFTEJRQXdGVEVUTUJFR0ExVUUKQXhNS2EzVmlaWEp1WlhSbGN6QWVGdzB5TlRBNU1qa3hNVFE0TXpSYUZ3MHpOVEE1TWpjeE1UVXpNelJhTUJVeApFekFSQmdOVkJBTVRDbXQxWW1WeWJtVjBaWE13Z2dFaU1BMEdDU3FHU0liM0RRRUJBUVVBQTRJQkR3QXdnZ0VLCkFvSUJBUURnVGlWOU5hejNaQkcwRmVUaXBWbEpvaTc2VEQvRzNtK282bGp2MU5Hb2J3dnZhRUdWaE1YaEhpMUEKc2ZFUVBJT0laL05GekZ1OHhiTWxZejcyQ1hhZUZ2V2EyK2FmV2JBN2RFTGxaNGZxVlRDMHFKNHlhMWJ2MVlYWApveG93YUlINGpwREg0T081cmdMVStmTXFsMEt1OUl2MmlKVXZSSS9qNjMzVlZ2NnlUOHJ5Y3RnVDhWRjlOVmFwCnV0U3FEbURBS3ZrUDhBWEZoYmQ3dEhlU1c4bSt1QjRGVkVTdkxIUmtibnAzTzd3blB5cC8rL1R6UFJPaHl6Q2EKandYYVBvU0g2TGMxT2wzdmsrczJZOTJrRHpnaFByQWp4TlBtYTVKYXozbVpwSkZSWHN5VkVMMTluMzVHb3Ixawo3MExKaTJWalEzRW1uRUFUbkRkQ1dNSkhkaE5oQWdNQkFBR2pXVEJYTUE0R0ExVWREd0VCL3dRRUF3SUNwREFQCkJnTlZIUk1CQWY4RUJUQURBUUgvTUIwR0ExVWREZ1FXQkJSb1FxcnBCZ09UZnVPYW84UklVOWJMYTlCaUFEQVYKQmdOVkhSRUVEakFNZ2dwcmRXSmxjbTVsZEdWek1BMEdDU3FHU0liM0RRRUJDd1VBQTRJQkFRQVdwNnpvOXpHeAowUTFqb2J5RWRBcDlxeGZsdGF6UFRhU2E4WXpBdGNmL0NRUGcxZ3VtVlhUZTRLeG9HeXc2czkvMGd6dFFveVE4CjJDb3dOM1FnK0dEcHVicVNUQlUvdERScVNTWDZwWFM5OUtXZFJGKys3ZjhWWU1CZ1MreXZ0ZTRSc0F1STMrNk4KbmRnSCsxWUNMb2JyRWl0eGpuTGZmWWRvVFdQYnJVTVBTSlNmYmkzSUsvS0R5MmlKcEJXQ3ZEVGxWYnFCR1E3TApyTFNFaEZlRHVzbXdHQnNQMVg0VVl0SHN5TGdCK2FCdFFqdnNYTU5ValVxSUlMeEF0UmJtZmVRQmtQZ2trL1E5CjJrOUU0TTVxZmlhL2thQUQ1U3pPaE9UWXpranprQXZXSmF3anZmU2RoMis4RjZIT29xU2ZiQjZ5ZEsreUFhZm0KYXRqMDNGbzJWVjhSCi0tLS0tRU5EIENFUlRJRklDQVRFLS0tLS0K"
              }
            ],
            "cluster_id": null,
            "compute_config": [],
            "created_at": "2025-09-29T11:48:31Z",
            "deletion_protection": false,
            "enabled_cluster_log_types": [],
            "encryption_config": [],
            "endpoint": "https://F7793E955B80EAA3E372030FDF8836C8.gr7.eu-central-1.eks.amazonaws.com",
            "force_update_version": null,
            "id": "test_eks_cluster",
            "identity": [
              {
                "oidc": [
                  {
                    "issuer": "https://oidc.eks.eu-central-1.amazonaws.com/id/F7793E955B80EAA3E372030FDF8836C8"
                  }
                ]
              }
            ],
            "kubernetes_network_config": [
              {
                "elastic_load_balancing": [
                  {
                    "enabled": false
                  }
                ],
                "ip_family": "ipv4",
                "service_ipv4_cidr": "172.20.0.0/16",
                "service_ipv6_cidr": ""
              }
            ],
            "name": "test_eks_cluster",
            "outpost_config": [],
            "platform_version": "eks.15",
            "region": "eu-central-1",
            "remote_network_config": [],
            "role_arn": "arn:aws:iam::913024026099:role/test_eks_role",
            "status": "ACTIVE",
            "storage_config": [],
            "tags": {
              "Environment": "test",
              "Name": "test_eks_cluster"
            },
            "tags_all": {
              "Environment": "test",
              "Name": "test_eks_cluster"
            },
            "timeouts": null,
            "upgrade_policy": [
              {
                "support_type": "STANDARD"
              }
            ],
            "version": "1.33",
            "vpc_config": [
              {
                "cluster_security_group_id": "sg-0e9ded978924a1e97",
                "endpoint_private_access": true,
                "endpoint_public_access": true,
                "public_access_cidrs": [
                  "0.0.0.0/0"
                ],
                "security_group_ids": [],
                "subnet_ids": [
                  "subnet-02f7198b62a991001",
                  "subnet-09e43da875b05bf6a",
                  "subnet-0b074505d46158cae"
                ],
                "vpc_id": "vpc-0937cc696c132b9d2"
              }
            ],
            "zonal_shift_config": []
          },
          "sensitive_attributes": [],
          "identity_schema_version": 0,
          "private": "eyJlMmJmYjczMC1lY2FhLTExZTYtOGY4OC0zNDM2M2JjN2M0YzAiOnsiY3JlYXRlIjoxODAwMDAwMDAwMDAwLCJkZWxldGUiOjkwMDAwMDAwMDAwMCwidXBkYXRlIjozNjAwMDAwMDAwMDAwfSwic2NoZW1hX3ZlcnNpb24iOiIxIn0=",
          "dependencies": [
            "aws_iam_role.test_eks_role",
            "aws_iam_role_policy_attachment.test_attach_policy",
            "aws_subnet.test_private_subnet",
            "aws_subnet.test_public_subnet",
            "aws_vpc.test_vpc",
            "data.aws_availability_zones.available"
          ]
        }
      ]
    },
    {
      "mode": "managed",
      "type": "aws_eks_node_group",
      "name": "karpenter_nodes",
      "provider": "provider[\"registry.terraform.io/hashicorp/aws\"]",
      "instances": [
        {
          "schema_version": 0,
          "attributes": {
            "ami_type": "AL2023_x86_64_STANDARD",
            "arn": "arn:aws:eks:eu-central-1:913024026099:nodegroup/test_eks_cluster/karpenter-nodes/66cccaaa-bd5a-9bb3-1412-03325581e2af",
            "capacity_type": "ON_DEMAND",
            "cluster_name": "test_eks_cluster",
            "disk_size": 20,
            "force_update_version": null,
            "id": "test_eks_cluster:karpenter-nodes",
            "instance_types": [
              "t3.small"
            ],
            "labels": {},
            "launch_template": [],
            "node_group_name": "karpenter-nodes",
            "node_group_name_prefix": "",
            "node_repair_config": [],
            "node_role_arn": "arn:aws:iam::913024026099:role/test_eks_nodegroup_role",
            "region": "eu-central-1",
            "release_version": "1.33.5-20250920",
            "remote_access": [],
            "resources": [
              {
                "autoscaling_groups": [
                  {
                    "name": "eks-karpenter-nodes-66cccaaa-bd5a-9bb3-1412-03325581e2af"
                  }
                ],
                "remote_access_security_group_id": ""
              }
            ],
            "scaling_config": [
              {
                "desired_size": 2,
                "max_size": 4,
                "min_size": 2
              }
            ],
            "status": "ACTIVE",
            "subnet_ids": [
              "subnet-02f7198b62a991001",
              "subnet-0b074505d46158cae"
            ],
            "tags": {
              "Name": "karpenter-nodes"
            },
            "tags_all": {
              "Name": "karpenter-nodes"
            },
            "taint": [],
            "timeouts": null,
            "update_config": [
              {
                "max_unavailable": 1,
                "max_unavailable_percentage": 0
              }
            ],
            "version": "1.33"
          },
          "sensitive_attributes": [],
          "identity_schema_version": 0,
          "private": "eyJlMmJmYjczMC1lY2FhLTExZTYtOGY4OC0zNDM2M2JjN2M0YzAiOnsiY3JlYXRlIjozNjAwMDAwMDAwMDAwLCJkZWxldGUiOjM2MDAwMDAwMDAwMDAsInVwZGF0ZSI6MzYwMDAwMDAwMDAwMH19",
          "dependencies": [
            "aws_eks_cluster.test_eks_cluster",
            "aws_iam_role.node_group_role",
            "aws_iam_role.test_eks_role",
            "aws_iam_role_policy_attachment.node_group_AmazonEC2ContainerRegistryReadOnly",
            "aws_iam_role_policy_attachment.node_group_AmazonEKSWorkerNodePolicy",
            "aws_iam_role_policy_attachment.node_group_AmazonEKS_CNI_Policy",
            "aws_iam_role_policy_attachment.test_attach_policy",
            "aws_subnet.test_private_subnet",
            "aws_subnet.test_public_subnet",
            "aws_vpc.test_vpc",
            "data.aws_availability_zones.available"
          ]
        }
      ]
    },
    {
      "mode": "managed",
      "type": "aws_iam_role",
      "name": "node_group_role",
      "provider": "provider[\"registry.terraform.io/hashicorp/aws\"]",
      "instances": [
        {
          "schema_version": 0,
          "attributes": {
            "arn": "arn:aws:iam::913024026099:role/test_eks_nodegroup_role",
            "assume_role_policy": "{\"Statement\":[{\"Action\":\"sts:AssumeRole\",\"Effect\":\"Allow\",\"Principal\":{\"Service\":\"ec2.amazonaws.com\"}}],\"Version\":\"2012-10-17\"}",
            "create_date": "2025-09-29T11:47:54Z",
            "description": "",
            "force_detach_policies": false,
            "id": "test_eks_nodegroup_role",
            "inline_policy": [],
            "managed_policy_arns": [
              "arn:aws:iam::aws:policy/AmazonEC2ContainerRegistryReadOnly",
              "arn:aws:iam::aws:policy/AmazonEKSWorkerNodePolicy",
              "arn:aws:iam::aws:policy/AmazonEKS_CNI_Policy"
            ],
            "max_session_duration": 3600,
            "name": "test_eks_nodegroup_role",
            "name_prefix": "",
            "path": "/",
            "permissions_boundary": "",
            "tags": {
              "Name": "test_eks_nodegroup_role"
            },
            "tags_all": {
              "Name": "test_eks_nodegroup_role"
            },
            "unique_id": "AROA5JFDZAXZTPS2DCLFL"
          },
          "sensitive_attributes": [],
          "identity_schema_version": 0,
          "identity": {
            "account_id": "913024026099",
            "name": "test_eks_nodegroup_role"
          },
          "private": "bnVsbA=="
        }
      ]
    },
    {
      "mode": "managed",
      "type": "aws_iam_role",
      "name": "test_eks_role",
      "provider": "provider[\"registry.terraform.io/hashicorp/aws\"]",
      "instances": [
        {
          "schema_version": 0,
          "attributes": {
            "arn": "arn:aws:iam::913024026099:role/test_eks_role",
            "assume_role_policy": "{\"Statement\":[{\"Action\":\"sts:AssumeRole\",\"Effect\":\"Allow\",\"Principal\":{\"Service\":\"eks.amazonaws.com\"},\"Sid\":\"\"}],\"Version\":\"2012-10-17\"}",
            "create_date": "2025-09-29T11:47:54Z",
            "description": "",
            "force_detach_policies": false,
            "id": "test_eks_role",
            "inline_policy": [],
            "managed_policy_arns": [
              "arn:aws:iam::aws:policy/AmazonEKSClusterPolicy"
            ],
            "max_session_duration": 3600,
            "name": "test_eks_role",
            "name_prefix": "",
            "path": "/",
            "permissions_boundary": "",
            "tags": {
              "Environment": "test",
              "Name": "test_eks_role"
            },
            "tags_all": {
              "Environment": "test",
              "Name": "test_eks_role"
            },
            "unique_id": "AROA5JFDZAXZ3DS6H4ZMP"
          },
          "sensitive_attributes": [],
          "identity_schema_version": 0,
          "identity": {
            "account_id": "913024026099",
            "name": "test_eks_role"
          },
          "private": "bnVsbA=="
        }
      ]
    },
    {
      "mode": "managed",
      "type": "aws_iam_role_policy_attachment",
      "name": "node_group_AmazonEC2ContainerRegistryReadOnly",
      "provider": "provider[\"registry.terraform.io/hashicorp/aws\"]",
      "instances": [
        {
          "schema_version": 0,
          "attributes": {
            "id": "test_eks_nodegroup_role/arn:aws:iam::aws:policy/AmazonEC2ContainerRegistryReadOnly",
            "policy_arn": "arn:aws:iam::aws:policy/AmazonEC2ContainerRegistryReadOnly",
            "role": "test_eks_nodegroup_role"
          },
          "sensitive_attributes": [],
          "identity_schema_version": 0,
          "identity": {
            "account_id": "913024026099",
            "policy_arn": "arn:aws:iam::aws:policy/AmazonEC2ContainerRegistryReadOnly",
            "role": "test_eks_nodegroup_role"
          },
          "private": "bnVsbA==",
          "dependencies": [
            "aws_iam_role.node_group_role"
          ]
        }
      ]
    },
    {
      "mode": "managed",
      "type": "aws_iam_role_policy_attachment",
      "name": "node_group_AmazonEKSWorkerNodePolicy",
      "provider": "provider[\"registry.terraform.io/hashicorp/aws\"]",
      "instances": [
        {
          "schema_version": 0,
          "attributes": {
            "id": "test_eks_nodegroup_role/arn:aws:iam::aws:policy/AmazonEKSWorkerNodePolicy",
            "policy_arn": "arn:aws:iam::aws:policy/AmazonEKSWorkerNodePolicy",
            "role": "test_eks_nodegroup_role"
          },
          "sensitive_attributes": [],
          "identity_schema_version": 0,
          "identity": {
            "account_id": "913024026099",
            "policy_arn": "arn:aws:iam::aws:policy/AmazonEKSWorkerNodePolicy",
            "role": "test_eks_nodegroup_role"
          },
          "private": "bnVsbA==",
          "dependencies": [
            "aws_iam_role.node_group_role"
          ]
        }
      ]
    },
    {
      "mode": "managed",
      "type": "aws_iam_role_policy_attachment",
      "name": "node_group_AmazonEKS_CNI_Policy",
      "provider": "provider[\"registry.terraform.io/hashicorp/aws\"]",
      "instances": [
        {
          "schema_version": 0,
          "attributes": {
            "id": "test_eks_nodegroup_role/arn:aws:iam::aws:policy/AmazonEKS_CNI_Policy",
            "policy_arn": "arn:aws:iam::aws:policy/AmazonEKS_CNI_Policy",
            "role": "test_eks_nodegroup_role"
          },
          "sensitive_attributes": [],
          "identity_schema_version": 0,
          "identity": {
            "account_id": "913024026099",
            "policy_arn": "arn:aws:iam::aws:policy/AmazonEKS_CNI_Policy",
            "role": "test_eks_nodegroup_role"
          },
          "private": "bnVsbA==",
          "dependencies": [
            "aws_iam_role.node_group_role"
          ]
        }
      ]
    },
    {
      "mode": "managed",
      "type": "aws_iam_role_policy_attachment",
      "name": "test_attach_policy",
      "provider": "provider[\"registry.terraform.io/hashicorp/aws\"]",
      "instances": [
        {
          "schema_version": 0,
          "attributes": {
            "id": "test_eks_role/arn:aws:iam::aws:policy/AmazonEKSClusterPolicy",
            "policy_arn": "arn:aws:iam::aws:policy/AmazonEKSClusterPolicy",
            "role": "test_eks_role"
          },
          "sensitive_attributes": [],
          "identity_schema_version": 0,
          "identity": {
            "account_id": "913024026099",
            "policy_arn": "arn:aws:iam::aws:policy/AmazonEKSClusterPolicy",
            "role": "test_eks_role"
          },
          "private": "bnVsbA==",
          "dependencies": [
            "aws_iam_role.test_eks_role"
          ]
        }
      ]
    },
    {
      "mode": "managed",
      "type": "aws_internet_gateway",
      "name": "test_igw",
      "provider": "provider[\"registry.terraform.io/hashicorp/aws\"]",
      "instances": [
        {
          "schema_version": 0,
          "attributes": {
            "arn": "arn:aws:ec2:eu-central-1:913024026099:internet-gateway/igw-054d8e7ccdb982d73",
            "id": "igw-054d8e7ccdb982d73",
            "owner_id": "913024026099",
            "region": "eu-central-1",
            "tags": {
              "Name": "test_igw"
            },
            "tags_all": {
              "Name": "test_igw"
            },
            "timeouts": null,
            "vpc_id": "vpc-0937cc696c132b9d2"
          },
          "sensitive_attributes": [],
          "identity_schema_version": 0,
          "private": "eyJlMmJmYjczMC1lY2FhLTExZTYtOGY4OC0zNDM2M2JjN2M0YzAiOnsiY3JlYXRlIjoxMjAwMDAwMDAwMDAwLCJkZWxldGUiOjEyMDAwMDAwMDAwMDAsInVwZGF0ZSI6MTIwMDAwMDAwMDAwMH19",
          "dependencies": [
            "aws_vpc.test_vpc"
          ]
        }
      ]
    },
    {
      "mode": "managed",
      "type": "aws_nat_gateway",
      "name": "test_nat_gateway",
      "provider": "provider[\"registry.terraform.io/hashicorp/aws\"]",
      "instances": [
        {
          "schema_version": 0,
          "attributes": {
            "allocation_id": "eipalloc-02424efdf6d222d4b",
            "association_id": "eipassoc-010fd1398e51051f9",
            "connectivity_type": "public",
            "id": "nat-045445d1436396dd6",
            "network_interface_id": "eni-02515c333a7dd92b0",
            "private_ip": "10.0.0.120",
            "public_ip": "63.180.77.142",
            "region": "eu-central-1",
            "secondary_allocation_ids": [],
            "secondary_private_ip_address_count": 0,
            "secondary_private_ip_addresses": [],
            "subnet_id": "subnet-09e43da875b05bf6a",
            "tags": {
              "Name": "test_nat_gateway"
            },
            "tags_all": {
              "Name": "test_nat_gateway"
            },
            "timeouts": null
          },
          "sensitive_attributes": [],
          "identity_schema_version": 0,
          "private": "eyJlMmJmYjczMC1lY2FhLTExZTYtOGY4OC0zNDM2M2JjN2M0YzAiOnsiY3JlYXRlIjo2MDAwMDAwMDAwMDAsImRlbGV0ZSI6MTgwMDAwMDAwMDAwMCwidXBkYXRlIjo2MDAwMDAwMDAwMDB9fQ==",
          "dependencies": [
            "aws_eip.test_eip",
            "aws_internet_gateway.test_igw",
            "aws_subnet.test_public_subnet",
            "aws_vpc.test_vpc",
            "data.aws_availability_zones.available"
          ]
        }
      ]
    },
    {
      "mode": "managed",
      "type": "aws_route_table",
      "name": "test_private_rt",
      "provider": "provider[\"registry.terraform.io/hashicorp/aws\"]",
      "instances": [
        {
          "schema_version": 0,
          "attributes": {
            "arn": "arn:aws:ec2:eu-central-1:913024026099:route-table/rtb-0781d7fbbca511cc8",
            "id": "rtb-0781d7fbbca511cc8",
            "owner_id": "913024026099",
            "propagating_vgws": [],
            "region": "eu-central-1",
            "route": [
              {
                "carrier_gateway_id": "",
                "cidr_block": "0.0.0.0/0",
                "core_network_arn": "",
                "destination_prefix_list_id": "",
                "egress_only_gateway_id": "",
                "gateway_id": "",
                "ipv6_cidr_block": "",
                "local_gateway_id": "",
                "nat_gateway_id": "nat-045445d1436396dd6",
                "network_interface_id": "",
                "transit_gateway_id": "",
                "vpc_endpoint_id": "",
                "vpc_peering_connection_id": ""
              }
            ],
            "tags": {
              "Name": "test_private_rt"
            },
            "tags_all": {
              "Name": "test_private_rt"
            },
            "timeouts": null,
            "vpc_id": "vpc-0937cc696c132b9d2"
          },
          "sensitive_attributes": [],
          "identity_schema_version": 0,
          "identity": {
            "account_id": "913024026099",
            "id": "rtb-0781d7fbbca511cc8",
            "region": "eu-central-1"
          },
          "private": "eyJlMmJmYjczMC1lY2FhLTExZTYtOGY4OC0zNDM2M2JjN2M0YzAiOnsiY3JlYXRlIjozMDAwMDAwMDAwMDAsImRlbGV0ZSI6MzAwMDAwMDAwMDAwLCJ1cGRhdGUiOjEyMDAwMDAwMDAwMH19",
          "dependencies": [
            "aws_eip.test_eip",
            "aws_internet_gateway.test_igw",
            "aws_nat_gateway.test_nat_gateway",
            "aws_subnet.test_public_subnet",
            "aws_vpc.test_vpc",
            "data.aws_availability_zones.available"
          ]
        }
      ]
    },
    {
      "mode": "managed",
      "type": "aws_route_table",
      "name": "test_public_rt",
      "provider": "provider[\"registry.terraform.io/hashicorp/aws\"]",
      "instances": [
        {
          "schema_version": 0,
          "attributes": {
            "arn": "arn:aws:ec2:eu-central-1:913024026099:route-table/rtb-0dcb8f78a44c017b6",
            "id": "rtb-0dcb8f78a44c017b6",
            "owner_id": "913024026099",
            "propagating_vgws": [],
            "region": "eu-central-1",
            "route": [
              {
                "carrier_gateway_id": "",
                "cidr_block": "0.0.0.0/0",
                "core_network_arn": "",
                "destination_prefix_list_id": "",
                "egress_only_gateway_id": "",
                "gateway_id": "igw-054d8e7ccdb982d73",
                "ipv6_cidr_block": "",
                "local_gateway_id": "",
                "nat_gateway_id": "",
                "network_interface_id": "",
                "transit_gateway_id": "",
                "vpc_endpoint_id": "",
                "vpc_peering_connection_id": ""
              }
            ],
            "tags": {
              "Name": "test_public_rt"
            },
            "tags_all": {
              "Name": "test_public_rt"
            },
            "timeouts": null,
            "vpc_id": "vpc-0937cc696c132b9d2"
          },
          "sensitive_attributes": [],
          "identity_schema_version": 0,
          "identity": {
            "account_id": "913024026099",
            "id": "rtb-0dcb8f78a44c017b6",
            "region": "eu-central-1"
          },
          "private": "eyJlMmJmYjczMC1lY2FhLTExZTYtOGY4OC0zNDM2M2JjN2M0YzAiOnsiY3JlYXRlIjozMDAwMDAwMDAwMDAsImRlbGV0ZSI6MzAwMDAwMDAwMDAwLCJ1cGRhdGUiOjEyMDAwMDAwMDAwMH19",
          "dependencies": [
            "aws_internet_gateway.test_igw",
            "aws_vpc.test_vpc"
          ]
        }
      ]
    },
    {
      "mode": "managed",
      "type": "aws_route_table_association",
      "name": "test_private_subnet_association",
      "provider": "provider[\"registry.terraform.io/hashicorp/aws\"]",
      "instances": [
        {
          "index_key": 0,
          "schema_version": 0,
          "attributes": {
            "gateway_id": "",
            "id": "rtbassoc-0dddce96752c1899e",
            "region": "eu-central-1",
            "route_table_id": "rtb-0781d7fbbca511cc8",
            "subnet_id": "subnet-02f7198b62a991001",
            "timeouts": null
          },
          "sensitive_attributes": [],
          "identity_schema_version": 0,
          "private": "eyJlMmJmYjczMC1lY2FhLTExZTYtOGY4OC0zNDM2M2JjN2M0YzAiOnsiY3JlYXRlIjozMDAwMDAwMDAwMDAsImRlbGV0ZSI6MzAwMDAwMDAwMDAwLCJ1cGRhdGUiOjEyMDAwMDAwMDAwMH19",
          "dependencies": [
            "aws_eip.test_eip",
            "aws_internet_gateway.test_igw",
            "aws_nat_gateway.test_nat_gateway",
            "aws_route_table.test_private_rt",
            "aws_subnet.test_private_subnet",
            "aws_subnet.test_public_subnet",
            "aws_vpc.test_vpc",
            "data.aws_availability_zones.available"
          ]
        },
        {
          "index_key": 1,
          "schema_version": 0,
          "attributes": {
            "gateway_id": "",
            "id": "rtbassoc-0d96c1ced2178a24e",
            "region": "eu-central-1",
            "route_table_id": "rtb-0781d7fbbca511cc8",
            "subnet_id": "subnet-0b074505d46158cae",
            "timeouts": null
          },
          "sensitive_attributes": [],
          "identity_schema_version": 0,
          "private": "eyJlMmJmYjczMC1lY2FhLTExZTYtOGY4OC0zNDM2M2JjN2M0YzAiOnsiY3JlYXRlIjozMDAwMDAwMDAwMDAsImRlbGV0ZSI6MzAwMDAwMDAwMDAwLCJ1cGRhdGUiOjEyMDAwMDAwMDAwMH19",
          "dependencies": [
            "aws_eip.test_eip",
            "aws_internet_gateway.test_igw",
            "aws_nat_gateway.test_nat_gateway",
            "aws_route_table.test_private_rt",
            "aws_subnet.test_private_subnet",
            "aws_subnet.test_public_subnet",
            "aws_vpc.test_vpc",
            "data.aws_availability_zones.available"
          ]
        }
      ]
    },
    {
      "mode": "managed",
      "type": "aws_route_table_association",
      "name": "test_public_subnet_association",
      "provider": "provider[\"registry.terraform.io/hashicorp/aws\"]",
      "instances": [
        {
          "schema_version": 0,
          "attributes": {
            "gateway_id": "",
            "id": "rtbassoc-0998e5608ae96e581",
            "region": "eu-central-1",
            "route_table_id": "rtb-0dcb8f78a44c017b6",
            "subnet_id": "subnet-09e43da875b05bf6a",
            "timeouts": null
          },
          "sensitive_attributes": [],
          "identity_schema_version": 0,
          "private": "eyJlMmJmYjczMC1lY2FhLTExZTYtOGY4OC0zNDM2M2JjN2M0YzAiOnsiY3JlYXRlIjozMDAwMDAwMDAwMDAsImRlbGV0ZSI6MzAwMDAwMDAwMDAwLCJ1cGRhdGUiOjEyMDAwMDAwMDAwMH19",
          "dependencies": [
            "aws_internet_gateway.test_igw",
            "aws_route_table.test_public_rt",
            "aws_subnet.test_public_subnet",
            "aws_vpc.test_vpc",
            "data.aws_availability_zones.available"
          ]
        }
      ]
    },
    {
      "mode": "managed",
      "type": "aws_subnet",
      "name": "test_private_subnet",
      "provider": "provider[\"registry.terraform.io/hashicorp/aws\"]",
      "instances": [
        {
          "index_key": 0,
          "schema_version": 1,
          "attributes": {
            "arn": "arn:aws:ec2:eu-central-1:913024026099:subnet/subnet-02f7198b62a991001",
            "assign_ipv6_address_on_creation": false,
            "availability_zone": "eu-central-1a",
            "availability_zone_id": "euc1-az2",
            "cidr_block": "10.0.110.0/24",
            "customer_owned_ipv4_pool": "",
            "enable_dns64": false,
            "enable_lni_at_device_index": 0,
            "enable_resource_name_dns_a_record_on_launch": false,
            "enable_resource_name_dns_aaaa_record_on_launch": false,
            "id": "subnet-02f7198b62a991001",
            "ipv6_cidr_block": "",
            "ipv6_cidr_block_association_id": "",
            "ipv6_native": false,
            "map_customer_owned_ip_on_launch": false,
            "map_public_ip_on_launch": false,
            "outpost_arn": "",
            "owner_id": "913024026099",
            "private_dns_hostname_type_on_launch": "ip-name",
            "region": "eu-central-1",
            "tags": {
              "Name": "test_private_subnet_1",
              "karpenter.sh/discovery": "test_eks_cluster"
            },
            "tags_all": {
              "Name": "test_private_subnet_1",
              "karpenter.sh/discovery": "test_eks_cluster"
            },
            "timeouts": null,
            "vpc_id": "vpc-0937cc696c132b9d2"
          },
          "sensitive_attributes": [],
          "identity_schema_version": 0,
          "identity": {
            "account_id": "913024026099",
            "id": "subnet-02f7198b62a991001",
            "region": "eu-central-1"
          },
          "private": "eyJlMmJmYjczMC1lY2FhLTExZTYtOGY4OC0zNDM2M2JjN2M0YzAiOnsiY3JlYXRlIjo2MDAwMDAwMDAwMDAsImRlbGV0ZSI6MTIwMDAwMDAwMDAwMH0sInNjaGVtYV92ZXJzaW9uIjoiMSJ9",
          "dependencies": [
            "aws_vpc.test_vpc",
            "data.aws_availability_zones.available"
          ]
        },
        {
          "index_key": 1,
          "schema_version": 1,
          "attributes": {
            "arn": "arn:aws:ec2:eu-central-1:913024026099:subnet/subnet-0b074505d46158cae",
            "assign_ipv6_address_on_creation": false,
            "availability_zone": "eu-central-1b",
            "availability_zone_id": "euc1-az3",
            "cidr_block": "10.0.111.0/24",
            "customer_owned_ipv4_pool": "",
            "enable_dns64": false,
            "enable_lni_at_device_index": 0,
            "enable_resource_name_dns_a_record_on_launch": false,
            "enable_resource_name_dns_aaaa_record_on_launch": false,
            "id": "subnet-0b074505d46158cae",
            "ipv6_cidr_block": "",
            "ipv6_cidr_block_association_id": "",
            "ipv6_native": false,
            "map_customer_owned_ip_on_launch": false,
            "map_public_ip_on_launch": false,
            "outpost_arn": "",
            "owner_id": "913024026099",
            "private_dns_hostname_type_on_launch": "ip-name",
            "region": "eu-central-1",
            "tags": {
              "Name": "test_private_subnet_2",
              "karpenter.sh/discovery": "test_eks_cluster"
            },
            "tags_all": {
              "Name": "test_private_subnet_2",
              "karpenter.sh/discovery": "test_eks_cluster"
            },
            "timeouts": null,
            "vpc_id": "vpc-0937cc696c132b9d2"
          },
          "sensitive_attributes": [],
          "identity_schema_version": 0,
          "identity": {
            "account_id": "913024026099",
            "id": "subnet-0b074505d46158cae",
            "region": "eu-central-1"
          },
          "private": "eyJlMmJmYjczMC1lY2FhLTExZTYtOGY4OC0zNDM2M2JjN2M0YzAiOnsiY3JlYXRlIjo2MDAwMDAwMDAwMDAsImRlbGV0ZSI6MTIwMDAwMDAwMDAwMH0sInNjaGVtYV92ZXJzaW9uIjoiMSJ9",
          "dependencies": [
            "aws_vpc.test_vpc",
            "data.aws_availability_zones.available"
          ]
        }
      ]
    },
    {
      "mode": "managed",
      "type": "aws_subnet",
      "name": "test_public_subnet",
      "provider": "provider[\"registry.terraform.io/hashicorp/aws\"]",
      "instances": [
        {
          "schema_version": 1,
          "attributes": {
            "arn": "arn:aws:ec2:eu-central-1:913024026099:subnet/subnet-09e43da875b05bf6a",
            "assign_ipv6_address_on_creation": false,
            "availability_zone": "eu-central-1a",
            "availability_zone_id": "euc1-az2",
            "cidr_block": "10.0.0.0/24",
            "customer_owned_ipv4_pool": "",
            "enable_dns64": false,
            "enable_lni_at_device_index": 0,
            "enable_resource_name_dns_a_record_on_launch": false,
            "enable_resource_name_dns_aaaa_record_on_launch": false,
            "id": "subnet-09e43da875b05bf6a",
            "ipv6_cidr_block": "",
            "ipv6_cidr_block_association_id": "",
            "ipv6_native": false,
            "map_customer_owned_ip_on_launch": false,
            "map_public_ip_on_launch": true,
            "outpost_arn": "",
            "owner_id": "913024026099",
            "private_dns_hostname_type_on_launch": "ip-name",
            "region": "eu-central-1",
            "tags": {
              "Name": "test_public_subnet",
              "karpenter.sh/discovery": "test_eks_cluster"
            },
            "tags_all": {
              "Name": "test_public_subnet",
              "karpenter.sh/discovery": "test_eks_cluster"
            },
            "timeouts": null,
            "vpc_id": "vpc-0937cc696c132b9d2"
          },
          "sensitive_attributes": [],
          "identity_schema_version": 0,
          "identity": {
            "account_id": "913024026099",
            "id": "subnet-09e43da875b05bf6a",
            "region": "eu-central-1"
          },
          "private": "eyJlMmJmYjczMC1lY2FhLTExZTYtOGY4OC0zNDM2M2JjN2M0YzAiOnsiY3JlYXRlIjo2MDAwMDAwMDAwMDAsImRlbGV0ZSI6MTIwMDAwMDAwMDAwMH0sInNjaGVtYV92ZXJzaW9uIjoiMSJ9",
          "dependencies": [
            "aws_vpc.test_vpc",
            "data.aws_availability_zones.available"
          ]
        }
      ]
    },
    {
      "mode": "managed",
      "type": "aws_vpc",
      "name": "test_vpc",
      "provider": "provider[\"registry.terraform.io/hashicorp/aws\"]",
      "instances": [
        {
          "schema_version": 1,
          "attributes": {
            "arn": "arn:aws:ec2:eu-central-1:913024026099:vpc/vpc-0937cc696c132b9d2",
            "assign_generated_ipv6_cidr_block": false,
            "cidr_block": "10.0.0.0/16",
            "default_network_acl_id": "acl-0f4cbc39610640451",
            "default_route_table_id": "rtb-09ec07910f7f6e109",
            "default_security_group_id": "sg-0a49ee61d9e7a644a",
            "dhcp_options_id": "dopt-0c2fb21489cd31fed",
            "enable_dns_hostnames": true,
            "enable_dns_support": true,
            "enable_network_address_usage_metrics": false,
            "id": "vpc-0937cc696c132b9d2",
            "instance_tenancy": "default",
            "ipv4_ipam_pool_id": null,
            "ipv4_netmask_length": null,
            "ipv6_association_id": "",
            "ipv6_cidr_block": "",
            "ipv6_cidr_block_network_border_group": "",
            "ipv6_ipam_pool_id": "",
            "ipv6_netmask_length": 0,
            "main_route_table_id": "rtb-09ec07910f7f6e109",
            "owner_id": "913024026099",
            "region": "eu-central-1",
            "tags": {
              "Name": "test_vpc"
            },
            "tags_all": {
              "Name": "test_vpc"
            }
          },
          "sensitive_attributes": [],
          "identity_schema_version": 0,
          "private": "eyJzY2hlbWFfdmVyc2lvbiI6IjEifQ=="
        }
      ]
    },
    {
      "mode": "managed",
      "type": "helm_release",
      "name": "karpenter",
      "provider": "provider[\"registry.terraform.io/hashicorp/helm\"]",
      "instances": [
        {
          "schema_version": 2,
          "attributes": {
            "atomic": false,
            "chart": "karpenter",
            "cleanup_on_fail": false,
            "create_namespace": false,
            "dependency_update": false,
            "description": null,
            "devel": null,
            "disable_crd_hooks": false,
            "disable_openapi_validation": false,
            "disable_webhooks": false,
            "force_update": false,
            "id": "karpenter",
            "keyring": null,
            "lint": false,
            "manifest": null,
            "max_history": 0,
            "metadata": {
              "app_version": "1.0.0",
              "chart": "karpenter",
              "first_deployed": 1759147218,
              "last_deployed": 1759148247,
              "name": "karpenter",
              "namespace": "kube-system",
              "notes": "",
              "revision": 3,
              "values": "{\"serviceAccount\":{\"annotations\":{\"eks.amazonaws.com/role-arn\":\"arn:aws:iam::913024026099:role/KarpenterController-20250929115905578000000009\"}},\"settings\":{\"clusterEndpoint\":\"https://F7793E955B80EAA3E372030FDF8836C8.gr7.eu-central-1.eks.amazonaws.com\",\"clusterName\":\"test_eks_cluster\",\"interruptionQueue\":\"Karpenter-test_eks_cluster\"}}",
              "version": "1.0.0"
            },
            "name": "karpenter",
            "namespace": "kube-system",
            "pass_credentials": false,
            "postrender": null,
            "recreate_pods": false,
            "render_subchart_notes": true,
            "replace": false,
            "repository": "oci://public.ecr.aws/karpenter",
            "repository_ca_file": null,
            "repository_cert_file": null,
            "repository_key_file": null,
            "repository_password": null,
            "repository_username": null,
            "reset_values": false,
            "reuse_values": false,
            "set": null,
            "set_list": null,
            "set_sensitive": null,
            "set_wo": null,
            "set_wo_revision": null,
            "skip_crds": false,
            "status": "deployed",
            "timeout": 300,
            "values": [
              "serviceAccount:\n  annotations:\n    eks.amazonaws.com/role-arn: arn:aws:iam::913024026099:role/KarpenterController-20250929115905578000000009\nsettings:\n  clusterName: test_eks_cluster\n  clusterEndpoint: https://F7793E955B80EAA3E372030FDF8836C8.gr7.eu-central-1.eks.amazonaws.com\n  interruptionQueue: Karpenter-test_eks_cluster\n"
            ],
            "verify": false,
            "version": "1.0.0",
            "wait": false,
            "wait_for_jobs": false
          },
          "sensitive_attributes": [
            [
              {
                "type": "get_attr",
                "value": "repository_password"
              }
            ]
          ],
          "identity_schema_version": 0,
          "identity": {
            "namespace": "kube-system",
            "release_name": "karpenter"
          },
          "dependencies": [
            "aws_eks_cluster.test_eks_cluster",
            "aws_eks_node_group.karpenter_nodes",
            "aws_iam_role.node_group_role",
            "aws_iam_role.test_eks_role",
            "aws_iam_role_policy_attachment.node_group_AmazonEC2ContainerRegistryReadOnly",
            "aws_iam_role_policy_attachment.node_group_AmazonEKSWorkerNodePolicy",
            "aws_iam_role_policy_attachment.node_group_AmazonEKS_CNI_Policy",
            "aws_iam_role_policy_attachment.test_attach_policy",
            "aws_subnet.test_private_subnet",
            "aws_subnet.test_public_subnet",
            "aws_vpc.test_vpc",
            "data.aws_availability_zones.available",
            "module.karpenter.aws_cloudwatch_event_rule.this",
            "module.karpenter.aws_cloudwatch_event_target.this",
            "module.karpenter.aws_eks_access_entry.node",
            "module.karpenter.aws_eks_pod_identity_association.karpenter",
            "module.karpenter.aws_iam_instance_profile.this",
            "module.karpenter.aws_iam_policy.controller",
            "module.karpenter.aws_iam_role.controller",
            "module.karpenter.aws_iam_role.node",
            "module.karpenter.aws_iam_role_policy_attachment.controller",
            "module.karpenter.aws_iam_role_policy_attachment.controller_additional",
            "module.karpenter.aws_iam_role_policy_attachment.node",
            "module.karpenter.aws_iam_role_policy_attachment.node_additional",
            "module.karpenter.aws_sqs_queue.this",
            "module.karpenter.aws_sqs_queue_policy.this",
            "module.karpenter.data.aws_caller_identity.current",
            "module.karpenter.data.aws_iam_policy_document.controller",
            "module.karpenter.data.aws_iam_policy_document.controller_assume_role",
            "module.karpenter.data.aws_iam_policy_document.node_assume_role",
            "module.karpenter.data.aws_iam_policy_document.queue",
            "module.karpenter.data.aws_partition.current",
            "module.karpenter.data.aws_region.current"
          ]
        }
      ]
    },
    {
      "module": "module.karpenter",
      "mode": "data",
      "type": "aws_caller_identity",
      "name": "current",
      "provider": "provider[\"registry.terraform.io/hashicorp/aws\"]",
      "instances": [
        {
          "index_key": 0,
          "schema_version": 0,
          "attributes": {
            "account_id": "913024026099",
            "arn": "arn:aws:iam::913024026099:user/muthuri",
            "id": "913024026099",
            "user_id": "AIDA5JFDZAXZXLGMHTTMM"
          },
          "sensitive_attributes": [],
          "identity_schema_version": 0
        }
      ]
    },
    {
      "module": "module.karpenter",
      "mode": "data",
      "type": "aws_iam_policy_document",
      "name": "controller",
      "provider": "provider[\"registry.terraform.io/hashicorp/aws\"]",
      "instances": [
        {
          "index_key": 0,
          "schema_version": 0,
          "attributes": {
            "id": "3661566149",
            "json": "{\n  \"Version\": \"2012-10-17\",\n  \"Statement\": [\n    {\n      \"Sid\": \"AllowScopedEC2InstanceAccessActions\",\n      \"Effect\": \"Allow\",\n      \"Action\": [\n        \"ec2:RunInstances\",\n        \"ec2:CreateFleet\"\n      ],\n      \"Resource\": [\n        \"arn:aws:ec2:eu-central-1::snapshot/*\",\n        \"arn:aws:ec2:eu-central-1::image/*\",\n        \"arn:aws:ec2:eu-central-1:*:subnet/*\",\n        \"arn:aws:ec2:eu-central-1:*:security-group/*\",\n        \"arn:aws:ec2:eu-central-1:*:capacity-reservation/*\"\n      ]\n    },\n    {\n      \"Sid\": \"AllowScopedEC2LaunchTemplateAccessActions\",\n      \"Effect\": \"Allow\",\n      \"Action\": [\n        \"ec2:RunInstances\",\n        \"ec2:CreateFleet\"\n      ],\n      \"Resource\": \"arn:aws:ec2:eu-central-1:*:launch-template/*\",\n      \"Condition\": {\n        \"StringEquals\": {\n          \"aws:ResourceTag/kubernetes.io/cluster/test_eks_cluster\": \"owned\"\n        },\n        \"StringLike\": {\n          \"aws:ResourceTag/karpenter.sh/nodepool\": \"*\"\n        }\n      }\n    },\n    {\n      \"Sid\": \"AllowScopedEC2InstanceActionsWithTags\",\n      \"Effect\": \"Allow\",\n      \"Action\": [\n        \"ec2:RunInstances\",\n        \"ec2:CreateLaunchTemplate\",\n        \"ec2:CreateFleet\"\n      ],\n      \"Resource\": [\n        \"arn:aws:ec2:eu-central-1:*:volume/*\",\n        \"arn:aws:ec2:eu-central-1:*:spot-instances-request/*\",\n        \"arn:aws:ec2:eu-central-1:*:network-interface/*\",\n        \"arn:aws:ec2:eu-central-1:*:launch-template/*\",\n        \"arn:aws:ec2:eu-central-1:*:instance/*\",\n        \"arn:aws:ec2:eu-central-1:*:fleet/*\",\n        \"arn:aws:ec2:eu-central-1:*:capacity-reservation/*\"\n      ],\n      \"Condition\": {\n        \"StringEquals\": {\n          \"aws:RequestTag/eks:eks-cluster-name\": \"test_eks_cluster\",\n          \"aws:RequestTag/kubernetes.io/cluster/test_eks_cluster\": \"owned\"\n        },\n        \"StringLike\": {\n          \"aws:RequestTag/karpenter.sh/nodepool\": \"*\"\n        }\n      }\n    },\n    {\n      \"Sid\": \"AllowScopedResourceCreationTagging\",\n      \"Effect\": \"Allow\",\n      \"Action\": \"ec2:CreateTags\",\n      \"Resource\": [\n        \"arn:aws:ec2:eu-central-1:*:volume/*\",\n        \"arn:aws:ec2:eu-central-1:*:spot-instances-request/*\",\n        \"arn:aws:ec2:eu-central-1:*:network-interface/*\",\n        \"arn:aws:ec2:eu-central-1:*:launch-template/*\",\n        \"arn:aws:ec2:eu-central-1:*:instance/*\",\n        \"arn:aws:ec2:eu-central-1:*:fleet/*\"\n      ],\n      \"Condition\": {\n        \"StringEquals\": {\n          \"aws:RequestTag/eks:eks-cluster-name\": \"test_eks_cluster\",\n          \"aws:RequestTag/kubernetes.io/cluster/test_eks_cluster\": \"owned\",\n          \"ec2:CreateAction\": [\n            \"RunInstances\",\n            \"CreateFleet\",\n            \"CreateLaunchTemplate\"\n          ]\n        },\n        \"StringLike\": {\n          \"aws:RequestTag/karpenter.sh/nodepool\": \"*\"\n        }\n      }\n    },\n    {\n      \"Sid\": \"AllowScopedResourceTagging\",\n      \"Effect\": \"Allow\",\n      \"Action\": \"ec2:CreateTags\",\n      \"Resource\": \"arn:aws:ec2:eu-central-1:*:instance/*\",\n      \"Condition\": {\n        \"ForAllValues:StringEquals\": {\n          \"aws:TagKeys\": [\n            \"eks:eks-cluster-name\",\n            \"karpenter.sh/nodeclaim\",\n            \"Name\"\n          ]\n        },\n        \"StringEquals\": {\n          \"aws:ResourceTag/kubernetes.io/cluster/test_eks_cluster\": \"owned\"\n        },\n        \"StringEqualsIfExists\": {\n          \"aws:RequestTag/eks:eks-cluster-name\": \"test_eks_cluster\"\n        },\n        \"StringLike\": {\n          \"aws:ResourceTag/karpenter.sh/nodepool\": \"*\"\n        }\n      }\n    },\n    {\n      \"Sid\": \"AllowScopedDeletion\",\n      \"Effect\": \"Allow\",\n      \"Action\": [\n        \"ec2:TerminateInstances\",\n        \"ec2:DeleteLaunchTemplate\"\n      ],\n      \"Resource\": [\n        \"arn:aws:ec2:eu-central-1:*:launch-template/*\",\n        \"arn:aws:ec2:eu-central-1:*:instance/*\"\n      ],\n      \"Condition\": {\n        \"StringEquals\": {\n          \"aws:ResourceTag/kubernetes.io/cluster/test_eks_cluster\": \"owned\"\n        },\n        \"StringLike\": {\n          \"aws:ResourceTag/karpenter.sh/nodepool\": \"*\"\n        }\n      }\n    },\n    {\n      \"Sid\": \"AllowRegionalReadActions\",\n      \"Effect\": \"Allow\",\n      \"Action\": [\n        \"ec2:DescribeSubnets\",\n        \"ec2:DescribeSpotPriceHistory\",\n        \"ec2:DescribeSecurityGroups\",\n        \"ec2:DescribeLaunchTemplates\",\n        \"ec2:DescribeInstances\",\n        \"ec2:DescribeInstanceTypes\",\n        \"ec2:DescribeInstanceTypeOfferings\",\n        \"ec2:DescribeImages\",\n        \"ec2:DescribeCapacityReservations\",\n        \"ec2:DescribeAvailabilityZones\"\n      ],\n      \"Resource\": \"*\",\n      \"Condition\": {\n        \"StringEquals\": {\n          \"aws:RequestedRegion\": \"eu-central-1\"\n        }\n      }\n    },\n    {\n      \"Sid\": \"AllowSSMReadActions\",\n      \"Effect\": \"Allow\",\n      \"Action\": \"ssm:GetParameter\",\n      \"Resource\": \"arn:aws:ssm:eu-central-1::parameter/aws/service/*\"\n    },\n    {\n      \"Sid\": \"AllowPricingReadActions\",\n      \"Effect\": \"Allow\",\n      \"Action\": \"pricing:GetProducts\",\n      \"Resource\": \"*\"\n    },\n    {\n      \"Sid\": \"AllowInterruptionQueueActions\",\n      \"Effect\": \"Allow\",\n      \"Action\": [\n        \"sqs:ReceiveMessage\",\n        \"sqs:GetQueueUrl\",\n        \"sqs:DeleteMessage\"\n      ],\n      \"Resource\": \"arn:aws:sqs:eu-central-1:913024026099:Karpenter-test_eks_cluster\"\n    },\n    {\n      \"Sid\": \"AllowPassingInstanceRole\",\n      \"Effect\": \"Allow\",\n      \"Action\": \"iam:PassRole\",\n      \"Resource\": \"arn:aws:iam::913024026099:role/Karpenter-test_eks_cluster-2025092911590558230000000a\",\n      \"Condition\": {\n        \"StringEquals\": {\n          \"iam:PassedToService\": \"ec2.amazonaws.com\"\n        }\n      }\n    },\n    {\n      \"Sid\": \"AllowScopedInstanceProfileCreationActions\",\n      \"Effect\": \"Allow\",\n      \"Action\": \"iam:CreateInstanceProfile\",\n      \"Resource\": \"arn:aws:iam::913024026099:instance-profile/*\",\n      \"Condition\": {\n        \"StringEquals\": {\n          \"aws:RequestTag/eks:eks-cluster-name\": \"test_eks_cluster\",\n          \"aws:RequestTag/kubernetes.io/cluster/test_eks_cluster\": \"owned\",\n          \"aws:RequestTag/topology.kubernetes.io/region\": \"eu-central-1\"\n        },\n        \"StringLike\": {\n          \"aws:RequestTag/karpenter.k8s.aws/ec2nodeclass\": \"*\"\n        }\n      }\n    },\n    {\n      \"Sid\": \"AllowScopedInstanceProfileTagActions\",\n      \"Effect\": \"Allow\",\n      \"Action\": \"iam:TagInstanceProfile\",\n      \"Resource\": \"arn:aws:iam::913024026099:instance-profile/*\",\n      \"Condition\": {\n        \"StringEquals\": {\n          \"aws:RequestTag/eks:eks-cluster-name\": \"test_eks_cluster\",\n          \"aws:RequestTag/kubernetes.io/cluster/test_eks_cluster\": \"owned\",\n          \"aws:RequestTag/topology.kubernetes.io/region\": \"eu-central-1\",\n          \"aws:ResourceTag/kubernetes.io/cluster/test_eks_cluster\": \"owned\",\n          \"aws:ResourceTag/topology.kubernetes.io/region\": \"eu-central-1\"\n        },\n        \"StringLike\": {\n          \"aws:RequestTag/karpenter.k8s.aws/ec2nodeclass\": \"*\",\n          \"aws:ResourceTag/karpenter.k8s.aws/ec2nodeclass\": \"*\"\n        }\n      }\n    },\n    {\n      \"Sid\": \"AllowScopedInstanceProfileActions\",\n      \"Effect\": \"Allow\",\n      \"Action\": [\n        \"iam:RemoveRoleFromInstanceProfile\",\n        \"iam:DeleteInstanceProfile\",\n        \"iam:AddRoleToInstanceProfile\"\n      ],\n      \"Resource\": \"arn:aws:iam::913024026099:instance-profile/*\",\n      \"Condition\": {\n        \"StringEquals\": {\n          \"aws:ResourceTag/kubernetes.io/cluster/test_eks_cluster\": \"owned\",\n          \"aws:ResourceTag/topology.kubernetes.io/region\": \"eu-central-1\"\n        },\n        \"StringLike\": {\n          \"aws:ResourceTag/karpenter.k8s.aws/ec2nodeclass\": \"*\"\n        }\n      }\n    },\n    {\n      \"Sid\": \"AllowInstanceProfileReadActions\",\n      \"Effect\": \"Allow\",\n      \"Action\": \"iam:GetInstanceProfile\",\n      \"Resource\": \"arn:aws:iam::913024026099:instance-profile/*\"\n    },\n    {\n      \"Sid\": \"AllowUnscopedInstanceProfileListAction\",\n      \"Effect\": \"Allow\",\n      \"Action\": \"iam:ListInstanceProfiles\",\n      \"Resource\": \"*\"\n    },\n    {\n      \"Sid\": \"AllowAPIServerEndpointDiscovery\",\n      \"Effect\": \"Allow\",\n      \"Action\": \"eks:DescribeCluster\",\n      \"Resource\": \"arn:aws:eks:eu-central-1:913024026099:cluster/test_eks_cluster\"\n    }\n  ]\n}",
            "minified_json": "{\"Version\":\"2012-10-17\",\"Statement\":[{\"Sid\":\"AllowScopedEC2InstanceAccessActions\",\"Effect\":\"Allow\",\"Action\":[\"ec2:RunInstances\",\"ec2:CreateFleet\"],\"Resource\":[\"arn:aws:ec2:eu-central-1::snapshot/*\",\"arn:aws:ec2:eu-central-1::image/*\",\"arn:aws:ec2:eu-central-1:*:subnet/*\",\"arn:aws:ec2:eu-central-1:*:security-group/*\",\"arn:aws:ec2:eu-central-1:*:capacity-reservation/*\"]},{\"Sid\":\"AllowScopedEC2LaunchTemplateAccessActions\",\"Effect\":\"Allow\",\"Action\":[\"ec2:RunInstances\",\"ec2:CreateFleet\"],\"Resource\":\"arn:aws:ec2:eu-central-1:*:launch-template/*\",\"Condition\":{\"StringEquals\":{\"aws:ResourceTag/kubernetes.io/cluster/test_eks_cluster\":\"owned\"},\"StringLike\":{\"aws:ResourceTag/karpenter.sh/nodepool\":\"*\"}}},{\"Sid\":\"AllowScopedEC2InstanceActionsWithTags\",\"Effect\":\"Allow\",\"Action\":[\"ec2:RunInstances\",\"ec2:CreateLaunchTemplate\",\"ec2:CreateFleet\"],\"Resource\":[\"arn:aws:ec2:eu-central-1:*:volume/*\",\"arn:aws:ec2:eu-central-1:*:spot-instances-request/*\",\"arn:aws:ec2:eu-central-1:*:network-interface/*\",\"arn:aws:ec2:eu-central-1:*:launch-template/*\",\"arn:aws:ec2:eu-central-1:*:instance/*\",\"arn:aws:ec2:eu-central-1:*:fleet/*\",\"arn:aws:ec2:eu-central-1:*:capacity-reservation/*\"],\"Condition\":{\"StringEquals\":{\"aws:RequestTag/eks:eks-cluster-name\":\"test_eks_cluster\",\"aws:RequestTag/kubernetes.io/cluster/test_eks_cluster\":\"owned\"},\"StringLike\":{\"aws:RequestTag/karpenter.sh/nodepool\":\"*\"}}},{\"Sid\":\"AllowScopedResourceCreationTagging\",\"Effect\":\"Allow\",\"Action\":\"ec2:CreateTags\",\"Resource\":[\"arn:aws:ec2:eu-central-1:*:volume/*\",\"arn:aws:ec2:eu-central-1:*:spot-instances-request/*\",\"arn:aws:ec2:eu-central-1:*:network-interface/*\",\"arn:aws:ec2:eu-central-1:*:launch-template/*\",\"arn:aws:ec2:eu-central-1:*:instance/*\",\"arn:aws:ec2:eu-central-1:*:fleet/*\"],\"Condition\":{\"StringEquals\":{\"aws:RequestTag/eks:eks-cluster-name\":\"test_eks_cluster\",\"aws:RequestTag/kubernetes.io/cluster/test_eks_cluster\":\"owned\",\"ec2:CreateAction\":[\"RunInstances\",\"CreateFleet\",\"CreateLaunchTemplate\"]},\"StringLike\":{\"aws:RequestTag/karpenter.sh/nodepool\":\"*\"}}},{\"Sid\":\"AllowScopedResourceTagging\",\"Effect\":\"Allow\",\"Action\":\"ec2:CreateTags\",\"Resource\":\"arn:aws:ec2:eu-central-1:*:instance/*\",\"Condition\":{\"ForAllValues:StringEquals\":{\"aws:TagKeys\":[\"eks:eks-cluster-name\",\"karpenter.sh/nodeclaim\",\"Name\"]},\"StringEquals\":{\"aws:ResourceTag/kubernetes.io/cluster/test_eks_cluster\":\"owned\"},\"StringEqualsIfExists\":{\"aws:RequestTag/eks:eks-cluster-name\":\"test_eks_cluster\"},\"StringLike\":{\"aws:ResourceTag/karpenter.sh/nodepool\":\"*\"}}},{\"Sid\":\"AllowScopedDeletion\",\"Effect\":\"Allow\",\"Action\":[\"ec2:TerminateInstances\",\"ec2:DeleteLaunchTemplate\"],\"Resource\":[\"arn:aws:ec2:eu-central-1:*:launch-template/*\",\"arn:aws:ec2:eu-central-1:*:instance/*\"],\"Condition\":{\"StringEquals\":{\"aws:ResourceTag/kubernetes.io/cluster/test_eks_cluster\":\"owned\"},\"StringLike\":{\"aws:ResourceTag/karpenter.sh/nodepool\":\"*\"}}},{\"Sid\":\"AllowRegionalReadActions\",\"Effect\":\"Allow\",\"Action\":[\"ec2:DescribeSubnets\",\"ec2:DescribeSpotPriceHistory\",\"ec2:DescribeSecurityGroups\",\"ec2:DescribeLaunchTemplates\",\"ec2:DescribeInstances\",\"ec2:DescribeInstanceTypes\",\"ec2:DescribeInstanceTypeOfferings\",\"ec2:DescribeImages\",\"ec2:DescribeCapacityReservations\",\"ec2:DescribeAvailabilityZones\"],\"Resource\":\"*\",\"Condition\":{\"StringEquals\":{\"aws:RequestedRegion\":\"eu-central-1\"}}},{\"Sid\":\"AllowSSMReadActions\",\"Effect\":\"Allow\",\"Action\":\"ssm:GetParameter\",\"Resource\":\"arn:aws:ssm:eu-central-1::parameter/aws/service/*\"},{\"Sid\":\"AllowPricingReadActions\",\"Effect\":\"Allow\",\"Action\":\"pricing:GetProducts\",\"Resource\":\"*\"},{\"Sid\":\"AllowInterruptionQueueActions\",\"Effect\":\"Allow\",\"Action\":[\"sqs:ReceiveMessage\",\"sqs:GetQueueUrl\",\"sqs:DeleteMessage\"],\"Resource\":\"arn:aws:sqs:eu-central-1:913024026099:Karpenter-test_eks_cluster\"},{\"Sid\":\"AllowPassingInstanceRole\",\"Effect\":\"Allow\",\"Action\":\"iam:PassRole\",\"Resource\":\"arn:aws:iam::913024026099:role/Karpenter-test_eks_cluster-2025092911590558230000000a\",\"Condition\":{\"StringEquals\":{\"iam:PassedToService\":\"ec2.amazonaws.com\"}}},{\"Sid\":\"AllowScopedInstanceProfileCreationActions\",\"Effect\":\"Allow\",\"Action\":\"iam:CreateInstanceProfile\",\"Resource\":\"arn:aws:iam::913024026099:instance-profile/*\",\"Condition\":{\"StringEquals\":{\"aws:RequestTag/eks:eks-cluster-name\":\"test_eks_cluster\",\"aws:RequestTag/kubernetes.io/cluster/test_eks_cluster\":\"owned\",\"aws:RequestTag/topology.kubernetes.io/region\":\"eu-central-1\"},\"StringLike\":{\"aws:RequestTag/karpenter.k8s.aws/ec2nodeclass\":\"*\"}}},{\"Sid\":\"AllowScopedInstanceProfileTagActions\",\"Effect\":\"Allow\",\"Action\":\"iam:TagInstanceProfile\",\"Resource\":\"arn:aws:iam::913024026099:instance-profile/*\",\"Condition\":{\"StringEquals\":{\"aws:RequestTag/eks:eks-cluster-name\":\"test_eks_cluster\",\"aws:RequestTag/kubernetes.io/cluster/test_eks_cluster\":\"owned\",\"aws:RequestTag/topology.kubernetes.io/region\":\"eu-central-1\",\"aws:ResourceTag/kubernetes.io/cluster/test_eks_cluster\":\"owned\",\"aws:ResourceTag/topology.kubernetes.io/region\":\"eu-central-1\"},\"StringLike\":{\"aws:RequestTag/karpenter.k8s.aws/ec2nodeclass\":\"*\",\"aws:ResourceTag/karpenter.k8s.aws/ec2nodeclass\":\"*\"}}},{\"Sid\":\"AllowScopedInstanceProfileActions\",\"Effect\":\"Allow\",\"Action\":[\"iam:RemoveRoleFromInstanceProfile\",\"iam:DeleteInstanceProfile\",\"iam:AddRoleToInstanceProfile\"],\"Resource\":\"arn:aws:iam::913024026099:instance-profile/*\",\"Condition\":{\"StringEquals\":{\"aws:ResourceTag/kubernetes.io/cluster/test_eks_cluster\":\"owned\",\"aws:ResourceTag/topology.kubernetes.io/region\":\"eu-central-1\"},\"StringLike\":{\"aws:ResourceTag/karpenter.k8s.aws/ec2nodeclass\":\"*\"}}},{\"Sid\":\"AllowInstanceProfileReadActions\",\"Effect\":\"Allow\",\"Action\":\"iam:GetInstanceProfile\",\"Resource\":\"arn:aws:iam::913024026099:instance-profile/*\"},{\"Sid\":\"AllowUnscopedInstanceProfileListAction\",\"Effect\":\"Allow\",\"Action\":\"iam:ListInstanceProfiles\",\"Resource\":\"*\"},{\"Sid\":\"AllowAPIServerEndpointDiscovery\",\"Effect\":\"Allow\",\"Action\":\"eks:DescribeCluster\",\"Resource\":\"arn:aws:eks:eu-central-1:913024026099:cluster/test_eks_cluster\"}]}",
            "override_json": null,
            "override_policy_documents": null,
            "policy_id": null,
            "source_json": null,
            "source_policy_documents": null,
            "statement": [
              {
                "actions": [
                  "ec2:CreateFleet",
                  "ec2:RunInstances"
                ],
                "condition": [],
                "effect": "Allow",
                "not_actions": [],
                "not_principals": [],
                "not_resources": [],
                "principals": [],
                "resources": [
                  "arn:aws:ec2:eu-central-1:*:capacity-reservation/*",
                  "arn:aws:ec2:eu-central-1:*:security-group/*",
                  "arn:aws:ec2:eu-central-1:*:subnet/*",
                  "arn:aws:ec2:eu-central-1::image/*",
                  "arn:aws:ec2:eu-central-1::snapshot/*"
                ],
                "sid": "AllowScopedEC2InstanceAccessActions"
              },
              {
                "actions": [
                  "ec2:CreateFleet",
                  "ec2:RunInstances"
                ],
                "condition": [
                  {
                    "test": "StringEquals",
                    "values": [
                      "owned"
                    ],
                    "variable": "aws:ResourceTag/kubernetes.io/cluster/test_eks_cluster"
                  },
                  {
                    "test": "StringLike",
                    "values": [
                      "*"
                    ],
                    "variable": "aws:ResourceTag/karpenter.sh/nodepool"
                  }
                ],
                "effect": "Allow",
                "not_actions": [],
                "not_principals": [],
                "not_resources": [],
                "principals": [],
                "resources": [
                  "arn:aws:ec2:eu-central-1:*:launch-template/*"
                ],
                "sid": "AllowScopedEC2LaunchTemplateAccessActions"
              },
              {
                "actions": [
                  "ec2:CreateFleet",
                  "ec2:CreateLaunchTemplate",
                  "ec2:RunInstances"
                ],
                "condition": [
                  {
                    "test": "StringEquals",
                    "values": [
                      "owned"
                    ],
                    "variable": "aws:RequestTag/kubernetes.io/cluster/test_eks_cluster"
                  },
                  {
                    "test": "StringEquals",
                    "values": [
                      "test_eks_cluster"
                    ],
                    "variable": "aws:RequestTag/eks:eks-cluster-name"
                  },
                  {
                    "test": "StringLike",
                    "values": [
                      "*"
                    ],
                    "variable": "aws:RequestTag/karpenter.sh/nodepool"
                  }
                ],
                "effect": "Allow",
                "not_actions": [],
                "not_principals": [],
                "not_resources": [],
                "principals": [],
                "resources": [
                  "arn:aws:ec2:eu-central-1:*:capacity-reservation/*",
                  "arn:aws:ec2:eu-central-1:*:fleet/*",
                  "arn:aws:ec2:eu-central-1:*:instance/*",
                  "arn:aws:ec2:eu-central-1:*:launch-template/*",
                  "arn:aws:ec2:eu-central-1:*:network-interface/*",
                  "arn:aws:ec2:eu-central-1:*:spot-instances-request/*",
                  "arn:aws:ec2:eu-central-1:*:volume/*"
                ],
                "sid": "AllowScopedEC2InstanceActionsWithTags"
              },
              {
                "actions": [
                  "ec2:CreateTags"
                ],
                "condition": [
                  {
                    "test": "StringEquals",
                    "values": [
                      "RunInstances",
                      "CreateFleet",
                      "CreateLaunchTemplate"
                    ],
                    "variable": "ec2:CreateAction"
                  },
                  {
                    "test": "StringEquals",
                    "values": [
                      "owned"
                    ],
                    "variable": "aws:RequestTag/kubernetes.io/cluster/test_eks_cluster"
                  },
                  {
                    "test": "StringEquals",
                    "values": [
                      "test_eks_cluster"
                    ],
                    "variable": "aws:RequestTag/eks:eks-cluster-name"
                  },
                  {
                    "test": "StringLike",
                    "values": [
                      "*"
                    ],
                    "variable": "aws:RequestTag/karpenter.sh/nodepool"
                  }
                ],
                "effect": "Allow",
                "not_actions": [],
                "not_principals": [],
                "not_resources": [],
                "principals": [],
                "resources": [
                  "arn:aws:ec2:eu-central-1:*:fleet/*",
                  "arn:aws:ec2:eu-central-1:*:instance/*",
                  "arn:aws:ec2:eu-central-1:*:launch-template/*",
                  "arn:aws:ec2:eu-central-1:*:network-interface/*",
                  "arn:aws:ec2:eu-central-1:*:spot-instances-request/*",
                  "arn:aws:ec2:eu-central-1:*:volume/*"
                ],
                "sid": "AllowScopedResourceCreationTagging"
              },
              {
                "actions": [
                  "ec2:CreateTags"
                ],
                "condition": [
                  {
                    "test": "ForAllValues:StringEquals",
                    "values": [
                      "eks:eks-cluster-name",
                      "karpenter.sh/nodeclaim",
                      "Name"
                    ],
                    "variable": "aws:TagKeys"
                  },
                  {
                    "test": "StringEquals",
                    "values": [
                      "owned"
                    ],
                    "variable": "aws:ResourceTag/kubernetes.io/cluster/test_eks_cluster"
                  },
                  {
                    "test": "StringEqualsIfExists",
                    "values": [
                      "test_eks_cluster"
                    ],
                    "variable": "aws:RequestTag/eks:eks-cluster-name"
                  },
                  {
                    "test": "StringLike",
                    "values": [
                      "*"
                    ],
                    "variable": "aws:ResourceTag/karpenter.sh/nodepool"
                  }
                ],
                "effect": "Allow",
                "not_actions": [],
                "not_principals": [],
                "not_resources": [],
                "principals": [],
                "resources": [
                  "arn:aws:ec2:eu-central-1:*:instance/*"
                ],
                "sid": "AllowScopedResourceTagging"
              },
              {
                "actions": [
                  "ec2:DeleteLaunchTemplate",
                  "ec2:TerminateInstances"
                ],
                "condition": [
                  {
                    "test": "StringEquals",
                    "values": [
                      "owned"
                    ],
                    "variable": "aws:ResourceTag/kubernetes.io/cluster/test_eks_cluster"
                  },
                  {
                    "test": "StringLike",
                    "values": [
                      "*"
                    ],
                    "variable": "aws:ResourceTag/karpenter.sh/nodepool"
                  }
                ],
                "effect": "Allow",
                "not_actions": [],
                "not_principals": [],
                "not_resources": [],
                "principals": [],
                "resources": [
                  "arn:aws:ec2:eu-central-1:*:instance/*",
                  "arn:aws:ec2:eu-central-1:*:launch-template/*"
                ],
                "sid": "AllowScopedDeletion"
              },
              {
                "actions": [
                  "ec2:DescribeAvailabilityZones",
                  "ec2:DescribeCapacityReservations",
                  "ec2:DescribeImages",
                  "ec2:DescribeInstanceTypeOfferings",
                  "ec2:DescribeInstanceTypes",
                  "ec2:DescribeInstances",
                  "ec2:DescribeLaunchTemplates",
                  "ec2:DescribeSecurityGroups",
                  "ec2:DescribeSpotPriceHistory",
                  "ec2:DescribeSubnets"
                ],
                "condition": [
                  {
                    "test": "StringEquals",
                    "values": [
                      "eu-central-1"
                    ],
                    "variable": "aws:RequestedRegion"
                  }
                ],
                "effect": "Allow",
                "not_actions": [],
                "not_principals": [],
                "not_resources": [],
                "principals": [],
                "resources": [
                  "*"
                ],
                "sid": "AllowRegionalReadActions"
              },
              {
                "actions": [
                  "ssm:GetParameter"
                ],
                "condition": [],
                "effect": "Allow",
                "not_actions": [],
                "not_principals": [],
                "not_resources": [],
                "principals": [],
                "resources": [
                  "arn:aws:ssm:eu-central-1::parameter/aws/service/*"
                ],
                "sid": "AllowSSMReadActions"
              },
              {
                "actions": [
                  "pricing:GetProducts"
                ],
                "condition": [],
                "effect": "Allow",
                "not_actions": [],
                "not_principals": [],
                "not_resources": [],
                "principals": [],
                "resources": [
                  "*"
                ],
                "sid": "AllowPricingReadActions"
              },
              {
                "actions": [
                  "sqs:DeleteMessage",
                  "sqs:GetQueueUrl",
                  "sqs:ReceiveMessage"
                ],
                "condition": [],
                "effect": "Allow",
                "not_actions": [],
                "not_principals": [],
                "not_resources": [],
                "principals": [],
                "resources": [
                  "arn:aws:sqs:eu-central-1:913024026099:Karpenter-test_eks_cluster"
                ],
                "sid": "AllowInterruptionQueueActions"
              },
              {
                "actions": [
                  "iam:PassRole"
                ],
                "condition": [
                  {
                    "test": "StringEquals",
                    "values": [
                      "ec2.amazonaws.com"
                    ],
                    "variable": "iam:PassedToService"
                  }
                ],
                "effect": "Allow",
                "not_actions": [],
                "not_principals": [],
                "not_resources": [],
                "principals": [],
                "resources": [
                  "arn:aws:iam::913024026099:role/Karpenter-test_eks_cluster-2025092911590558230000000a"
                ],
                "sid": "AllowPassingInstanceRole"
              },
              {
                "actions": [
                  "iam:CreateInstanceProfile"
                ],
                "condition": [
                  {
                    "test": "StringEquals",
                    "values": [
                      "eu-central-1"
                    ],
                    "variable": "aws:RequestTag/topology.kubernetes.io/region"
                  },
                  {
                    "test": "StringEquals",
                    "values": [
                      "owned"
                    ],
                    "variable": "aws:RequestTag/kubernetes.io/cluster/test_eks_cluster"
                  },
                  {
                    "test": "StringEquals",
                    "values": [
                      "test_eks_cluster"
                    ],
                    "variable": "aws:RequestTag/eks:eks-cluster-name"
                  },
                  {
                    "test": "StringLike",
                    "values": [
                      "*"
                    ],
                    "variable": "aws:RequestTag/karpenter.k8s.aws/ec2nodeclass"
                  }
                ],
                "effect": "Allow",
                "not_actions": [],
                "not_principals": [],
                "not_resources": [],
                "principals": [],
                "resources": [
                  "arn:aws:iam::913024026099:instance-profile/*"
                ],
                "sid": "AllowScopedInstanceProfileCreationActions"
              },
              {
                "actions": [
                  "iam:TagInstanceProfile"
                ],
                "condition": [
                  {
                    "test": "StringEquals",
                    "values": [
                      "eu-central-1"
                    ],
                    "variable": "aws:RequestTag/topology.kubernetes.io/region"
                  },
                  {
                    "test": "StringEquals",
                    "values": [
                      "eu-central-1"
                    ],
                    "variable": "aws:ResourceTag/topology.kubernetes.io/region"
                  },
                  {
                    "test": "StringEquals",
                    "values": [
                      "owned"
                    ],
                    "variable": "aws:RequestTag/kubernetes.io/cluster/test_eks_cluster"
                  },
                  {
                    "test": "StringEquals",
                    "values": [
                      "owned"
                    ],
                    "variable": "aws:ResourceTag/kubernetes.io/cluster/test_eks_cluster"
                  },
                  {
                    "test": "StringEquals",
                    "values": [
                      "test_eks_cluster"
                    ],
                    "variable": "aws:RequestTag/eks:eks-cluster-name"
                  },
                  {
                    "test": "StringLike",
                    "values": [
                      "*"
                    ],
                    "variable": "aws:RequestTag/karpenter.k8s.aws/ec2nodeclass"
                  },
                  {
                    "test": "StringLike",
                    "values": [
                      "*"
                    ],
                    "variable": "aws:ResourceTag/karpenter.k8s.aws/ec2nodeclass"
                  }
                ],
                "effect": "Allow",
                "not_actions": [],
                "not_principals": [],
                "not_resources": [],
                "principals": [],
                "resources": [
                  "arn:aws:iam::913024026099:instance-profile/*"
                ],
                "sid": "AllowScopedInstanceProfileTagActions"
              },
              {
                "actions": [
                  "iam:AddRoleToInstanceProfile",
                  "iam:DeleteInstanceProfile",
                  "iam:RemoveRoleFromInstanceProfile"
                ],
                "condition": [
                  {
                    "test": "StringEquals",
                    "values": [
                      "eu-central-1"
                    ],
                    "variable": "aws:ResourceTag/topology.kubernetes.io/region"
                  },
                  {
                    "test": "StringEquals",
                    "values": [
                      "owned"
                    ],
                    "variable": "aws:ResourceTag/kubernetes.io/cluster/test_eks_cluster"
                  },
                  {
                    "test": "StringLike",
                    "values": [
                      "*"
                    ],
                    "variable": "aws:ResourceTag/karpenter.k8s.aws/ec2nodeclass"
                  }
                ],
                "effect": "Allow",
                "not_actions": [],
                "not_principals": [],
                "not_resources": [],
                "principals": [],
                "resources": [
                  "arn:aws:iam::913024026099:instance-profile/*"
                ],
                "sid": "AllowScopedInstanceProfileActions"
              },
              {
                "actions": [
                  "iam:GetInstanceProfile"
                ],
                "condition": [],
                "effect": "Allow",
                "not_actions": [],
                "not_principals": [],
                "not_resources": [],
                "principals": [],
                "resources": [
                  "arn:aws:iam::913024026099:instance-profile/*"
                ],
                "sid": "AllowInstanceProfileReadActions"
              },
              {
                "actions": [
                  "iam:ListInstanceProfiles"
                ],
                "condition": [],
                "effect": "Allow",
                "not_actions": [],
                "not_principals": [],
                "not_resources": [],
                "principals": [],
                "resources": [
                  "*"
                ],
                "sid": "AllowUnscopedInstanceProfileListAction"
              },
              {
                "actions": [
                  "eks:DescribeCluster"
                ],
                "condition": [],
                "effect": "Allow",
                "not_actions": [],
                "not_principals": [],
                "not_resources": [],
                "principals": [],
                "resources": [
                  "arn:aws:eks:eu-central-1:913024026099:cluster/test_eks_cluster"
                ],
                "sid": "AllowAPIServerEndpointDiscovery"
              }
            ],
            "version": "2012-10-17"
          },
          "sensitive_attributes": [],
          "identity_schema_version": 0
        }
      ]
    },
    {
      "module": "module.karpenter",
      "mode": "data",
      "type": "aws_iam_policy_document",
      "name": "controller_assume_role",
      "provider": "provider[\"registry.terraform.io/hashicorp/aws\"]",
      "instances": [
        {
          "index_key": 0,
          "schema_version": 0,
          "attributes": {
            "id": "148955103",
            "json": "{\n  \"Version\": \"2012-10-17\",\n  \"Statement\": [\n    {\n      \"Sid\": \"PodIdentity\",\n      \"Effect\": \"Allow\",\n      \"Action\": [\n        \"sts:TagSession\",\n        \"sts:AssumeRole\"\n      ],\n      \"Principal\": {\n        \"Service\": \"pods.eks.amazonaws.com\"\n      }\n    }\n  ]\n}",
            "minified_json": "{\"Version\":\"2012-10-17\",\"Statement\":[{\"Sid\":\"PodIdentity\",\"Effect\":\"Allow\",\"Action\":[\"sts:TagSession\",\"sts:AssumeRole\"],\"Principal\":{\"Service\":\"pods.eks.amazonaws.com\"}}]}",
            "override_json": null,
            "override_policy_documents": null,
            "policy_id": null,
            "source_json": null,
            "source_policy_documents": null,
            "statement": [
              {
                "actions": [
                  "sts:AssumeRole",
                  "sts:TagSession"
                ],
                "condition": [],
                "effect": "Allow",
                "not_actions": [],
                "not_principals": [],
                "not_resources": [],
                "principals": [
                  {
                    "identifiers": [
                      "pods.eks.amazonaws.com"
                    ],
                    "type": "Service"
                  }
                ],
                "resources": [],
                "sid": "PodIdentity"
              }
            ],
            "version": "2012-10-17"
          },
          "sensitive_attributes": [],
          "identity_schema_version": 0
        }
      ]
    },
    {
      "module": "module.karpenter",
      "mode": "data",
      "type": "aws_iam_policy_document",
      "name": "node_assume_role",
      "provider": "provider[\"registry.terraform.io/hashicorp/aws\"]",
      "instances": [
        {
          "index_key": 0,
          "schema_version": 0,
          "attributes": {
            "id": "2560088296",
            "json": "{\n  \"Version\": \"2012-10-17\",\n  \"Statement\": [\n    {\n      \"Sid\": \"EKSNodeAssumeRole\",\n      \"Effect\": \"Allow\",\n      \"Action\": \"sts:AssumeRole\",\n      \"Principal\": {\n        \"Service\": \"ec2.amazonaws.com\"\n      }\n    }\n  ]\n}",
            "minified_json": "{\"Version\":\"2012-10-17\",\"Statement\":[{\"Sid\":\"EKSNodeAssumeRole\",\"Effect\":\"Allow\",\"Action\":\"sts:AssumeRole\",\"Principal\":{\"Service\":\"ec2.amazonaws.com\"}}]}",
            "override_json": null,
            "override_policy_documents": null,
            "policy_id": null,
            "source_json": null,
            "source_policy_documents": null,
            "statement": [
              {
                "actions": [
                  "sts:AssumeRole"
                ],
                "condition": [],
                "effect": "Allow",
                "not_actions": [],
                "not_principals": [],
                "not_resources": [],
                "principals": [
                  {
                    "identifiers": [
                      "ec2.amazonaws.com"
                    ],
                    "type": "Service"
                  }
                ],
                "resources": [],
                "sid": "EKSNodeAssumeRole"
              }
            ],
            "version": "2012-10-17"
          },
          "sensitive_attributes": [],
          "identity_schema_version": 0
        }
      ]
    },
    {
      "module": "module.karpenter",
      "mode": "data",
      "type": "aws_iam_policy_document",
      "name": "queue",
      "provider": "provider[\"registry.terraform.io/hashicorp/aws\"]",
      "instances": [
        {
          "index_key": 0,
          "schema_version": 0,
          "attributes": {
            "id": "870355515",
            "json": "{\n  \"Version\": \"2012-10-17\",\n  \"Statement\": [\n    {\n      \"Sid\": \"SqsWrite\",\n      \"Effect\": \"Allow\",\n      \"Action\": \"sqs:SendMessage\",\n      \"Resource\": \"arn:aws:sqs:eu-central-1:913024026099:Karpenter-test_eks_cluster\",\n      \"Principal\": {\n        \"Service\": [\n          \"sqs.amazonaws.com\",\n          \"events.amazonaws.com\"\n        ]\n      }\n    },\n    {\n      \"Sid\": \"DenyHTTP\",\n      \"Effect\": \"Deny\",\n      \"Action\": \"sqs:*\",\n      \"Resource\": \"arn:aws:sqs:eu-central-1:913024026099:Karpenter-test_eks_cluster\",\n      \"Principal\": \"*\",\n      \"Condition\": {\n        \"Bool\": {\n          \"aws:SecureTransport\": \"false\"\n        }\n      }\n    }\n  ]\n}",
            "minified_json": "{\"Version\":\"2012-10-17\",\"Statement\":[{\"Sid\":\"SqsWrite\",\"Effect\":\"Allow\",\"Action\":\"sqs:SendMessage\",\"Resource\":\"arn:aws:sqs:eu-central-1:913024026099:Karpenter-test_eks_cluster\",\"Principal\":{\"Service\":[\"sqs.amazonaws.com\",\"events.amazonaws.com\"]}},{\"Sid\":\"DenyHTTP\",\"Effect\":\"Deny\",\"Action\":\"sqs:*\",\"Resource\":\"arn:aws:sqs:eu-central-1:913024026099:Karpenter-test_eks_cluster\",\"Principal\":\"*\",\"Condition\":{\"Bool\":{\"aws:SecureTransport\":\"false\"}}}]}",
            "override_json": null,
            "override_policy_documents": null,
            "policy_id": null,
            "source_json": null,
            "source_policy_documents": null,
            "statement": [
              {
                "actions": [
                  "sqs:SendMessage"
                ],
                "condition": [],
                "effect": "Allow",
                "not_actions": [],
                "not_principals": [],
                "not_resources": [],
                "principals": [
                  {
                    "identifiers": [
                      "events.amazonaws.com",
                      "sqs.amazonaws.com"
                    ],
                    "type": "Service"
                  }
                ],
                "resources": [
                  "arn:aws:sqs:eu-central-1:913024026099:Karpenter-test_eks_cluster"
                ],
                "sid": "SqsWrite"
              },
              {
                "actions": [
                  "sqs:*"
                ],
                "condition": [
                  {
                    "test": "Bool",
                    "values": [
                      "false"
                    ],
                    "variable": "aws:SecureTransport"
                  }
                ],
                "effect": "Deny",
                "not_actions": [],
                "not_principals": [],
                "not_resources": [],
                "principals": [
                  {
                    "identifiers": [
                      "*"
                    ],
                    "type": "*"
                  }
                ],
                "resources": [
                  "arn:aws:sqs:eu-central-1:913024026099:Karpenter-test_eks_cluster"
                ],
                "sid": "DenyHTTP"
              }
            ],
            "version": "2012-10-17"
          },
          "sensitive_attributes": [],
          "identity_schema_version": 0
        }
      ]
    },
    {
      "module": "module.karpenter",
      "mode": "data",
      "type": "aws_partition",
      "name": "current",
      "provider": "provider[\"registry.terraform.io/hashicorp/aws\"]",
      "instances": [
        {
          "index_key": 0,
          "schema_version": 0,
          "attributes": {
            "dns_suffix": "amazonaws.com",
            "id": "aws",
            "partition": "aws",
            "reverse_dns_prefix": "com.amazonaws"
          },
          "sensitive_attributes": [],
          "identity_schema_version": 0
        }
      ]
    },
    {
      "module": "module.karpenter",
      "mode": "data",
      "type": "aws_region",
      "name": "current",
      "provider": "provider[\"registry.terraform.io/hashicorp/aws\"]",
      "instances": [
        {
          "index_key": 0,
          "schema_version": 0,
          "attributes": {
            "description": "Europe (Frankfurt)",
            "endpoint": "ec2.eu-central-1.amazonaws.com",
            "id": "eu-central-1",
            "name": "eu-central-1",
            "region": "eu-central-1"
          },
          "sensitive_attributes": [],
          "identity_schema_version": 0
        }
      ]
    },
    {
      "module": "module.karpenter",
      "mode": "managed",
      "type": "aws_cloudwatch_event_rule",
      "name": "this",
      "provider": "provider[\"registry.terraform.io/hashicorp/aws\"]",
      "instances": [
        {
          "index_key": "health_event",
          "schema_version": 1,
          "attributes": {
            "arn": "arn:aws:events:eu-central-1:913024026099:rule/KarpenterHealthEvent-20250929115905552300000006",
            "description": "Karpenter interrupt - AWS health event",
            "event_bus_name": "default",
            "event_pattern": "{\"detail-type\":[\"AWS Health Event\"],\"source\":[\"aws.health\"]}",
            "force_destroy": false,
            "id": "KarpenterHealthEvent-20250929115905552300000006",
            "is_enabled": true,
            "name": "KarpenterHealthEvent-20250929115905552300000006",
            "name_prefix": "KarpenterHealthEvent-",
            "region": "eu-central-1",
            "role_arn": "",
            "schedule_expression": "",
            "state": "ENABLED",
            "tags": {
              "ClusterName": "test_eks_cluster"
            },
            "tags_all": {
              "ClusterName": "test_eks_cluster"
            }
          },
          "sensitive_attributes": [],
          "identity_schema_version": 0,
          "identity": {
            "account_id": "913024026099",
            "name": "KarpenterHealthEvent-20250929115905552300000006",
            "region": "eu-central-1"
          },
          "private": "eyJzY2hlbWFfdmVyc2lvbiI6IjEifQ==",
          "dependencies": [
            "aws_eks_cluster.test_eks_cluster",
            "aws_eks_node_group.karpenter_nodes",
            "aws_iam_role.node_group_role",
            "aws_iam_role.test_eks_role",
            "aws_iam_role_policy_attachment.node_group_AmazonEC2ContainerRegistryReadOnly",
            "aws_iam_role_policy_attachment.node_group_AmazonEKSWorkerNodePolicy",
            "aws_iam_role_policy_attachment.node_group_AmazonEKS_CNI_Policy",
            "aws_iam_role_policy_attachment.test_attach_policy",
            "aws_subnet.test_private_subnet",
            "aws_subnet.test_public_subnet",
            "aws_vpc.test_vpc",
            "data.aws_availability_zones.available"
          ]
        },
        {
          "index_key": "instance_rebalance",
          "schema_version": 1,
          "attributes": {
            "arn": "arn:aws:events:eu-central-1:913024026099:rule/KarpenterInstanceRebalance-20250929115905557800000008",
            "description": "Karpenter interrupt - EC2 instance rebalance recommendation",
            "event_bus_name": "default",
            "event_pattern": "{\"detail-type\":[\"EC2 Instance Rebalance Recommendation\"],\"source\":[\"aws.ec2\"]}",
            "force_destroy": false,
            "id": "KarpenterInstanceRebalance-20250929115905557800000008",
            "is_enabled": true,
            "name": "KarpenterInstanceRebalance-20250929115905557800000008",
            "name_prefix": "KarpenterInstanceRebalance-",
            "region": "eu-central-1",
            "role_arn": "",
            "schedule_expression": "",
            "state": "ENABLED",
            "tags": {
              "ClusterName": "test_eks_cluster"
            },
            "tags_all": {
              "ClusterName": "test_eks_cluster"
            }
          },
          "sensitive_attributes": [],
          "identity_schema_version": 0,
          "identity": {
            "account_id": "913024026099",
            "name": "KarpenterInstanceRebalance-20250929115905557800000008",
            "region": "eu-central-1"
          },
          "private": "eyJzY2hlbWFfdmVyc2lvbiI6IjEifQ==",
          "dependencies": [
            "aws_eks_cluster.test_eks_cluster",
            "aws_eks_node_group.karpenter_nodes",
            "aws_iam_role.node_group_role",
            "aws_iam_role.test_eks_role",
            "aws_iam_role_policy_attachment.node_group_AmazonEC2ContainerRegistryReadOnly",
            "aws_iam_role_policy_attachment.node_group_AmazonEKSWorkerNodePolicy",
            "aws_iam_role_policy_attachment.node_group_AmazonEKS_CNI_Policy",
            "aws_iam_role_policy_attachment.test_attach_policy",
            "aws_subnet.test_private_subnet",
            "aws_subnet.test_public_subnet",
            "aws_vpc.test_vpc",
            "data.aws_availability_zones.available"
          ]
        },
        {
          "index_key": "instance_state_change",
          "schema_version": 1,
          "attributes": {
            "arn": "arn:aws:events:eu-central-1:913024026099:rule/KarpenterInstanceStateChange-20250929115905555100000007",
            "description": "Karpenter interrupt - EC2 instance state-change notification",
            "event_bus_name": "default",
            "event_pattern": "{\"detail-type\":[\"EC2 Instance State-change Notification\"],\"source\":[\"aws.ec2\"]}",
            "force_destroy": false,
            "id": "KarpenterInstanceStateChange-20250929115905555100000007",
            "is_enabled": true,
            "name": "KarpenterInstanceStateChange-20250929115905555100000007",
            "name_prefix": "KarpenterInstanceStateChange-",
            "region": "eu-central-1",
            "role_arn": "",
            "schedule_expression": "",
            "state": "ENABLED",
            "tags": {
              "ClusterName": "test_eks_cluster"
            },
            "tags_all": {
              "ClusterName": "test_eks_cluster"
            }
          },
          "sensitive_attributes": [],
          "identity_schema_version": 0,
          "identity": {
            "account_id": "913024026099",
            "name": "KarpenterInstanceStateChange-20250929115905555100000007",
            "region": "eu-central-1"
          },
          "private": "eyJzY2hlbWFfdmVyc2lvbiI6IjEifQ==",
          "dependencies": [
            "aws_eks_cluster.test_eks_cluster",
            "aws_eks_node_group.karpenter_nodes",
            "aws_iam_role.node_group_role",
            "aws_iam_role.test_eks_role",
            "aws_iam_role_policy_attachment.node_group_AmazonEC2ContainerRegistryReadOnly",
            "aws_iam_role_policy_attachment.node_group_AmazonEKSWorkerNodePolicy",
            "aws_iam_role_policy_attachment.node_group_AmazonEKS_CNI_Policy",
            "aws_iam_role_policy_attachment.test_attach_policy",
            "aws_subnet.test_private_subnet",
            "aws_subnet.test_public_subnet",
            "aws_vpc.test_vpc",
            "data.aws_availability_zones.available"
          ]
        },
        {
          "index_key": "spot_interrupt",
          "schema_version": 1,
          "attributes": {
            "arn": "arn:aws:events:eu-central-1:913024026099:rule/KarpenterSpotInterrupt-20250929115905549600000005",
            "description": "Karpenter interrupt - EC2 spot instance interruption warning",
            "event_bus_name": "default",
            "event_pattern": "{\"detail-type\":[\"EC2 Spot Instance Interruption Warning\"],\"source\":[\"aws.ec2\"]}",
            "force_destroy": false,
            "id": "KarpenterSpotInterrupt-20250929115905549600000005",
            "is_enabled": true,
            "name": "KarpenterSpotInterrupt-20250929115905549600000005",
            "name_prefix": "KarpenterSpotInterrupt-",
            "region": "eu-central-1",
            "role_arn": "",
            "schedule_expression": "",
            "state": "ENABLED",
            "tags": {
              "ClusterName": "test_eks_cluster"
            },
            "tags_all": {
              "ClusterName": "test_eks_cluster"
            }
          },
          "sensitive_attributes": [],
          "identity_schema_version": 0,
          "identity": {
            "account_id": "913024026099",
            "name": "KarpenterSpotInterrupt-20250929115905549600000005",
            "region": "eu-central-1"
          },
          "private": "eyJzY2hlbWFfdmVyc2lvbiI6IjEifQ==",
          "dependencies": [
            "aws_eks_cluster.test_eks_cluster",
            "aws_eks_node_group.karpenter_nodes",
            "aws_iam_role.node_group_role",
            "aws_iam_role.test_eks_role",
            "aws_iam_role_policy_attachment.node_group_AmazonEC2ContainerRegistryReadOnly",
            "aws_iam_role_policy_attachment.node_group_AmazonEKSWorkerNodePolicy",
            "aws_iam_role_policy_attachment.node_group_AmazonEKS_CNI_Policy",
            "aws_iam_role_policy_attachment.test_attach_policy",
            "aws_subnet.test_private_subnet",
            "aws_subnet.test_public_subnet",
            "aws_vpc.test_vpc",
            "data.aws_availability_zones.available"
          ]
        }
      ]
    },
    {
      "module": "module.karpenter",
      "mode": "managed",
      "type": "aws_cloudwatch_event_target",
      "name": "this",
      "provider": "provider[\"registry.terraform.io/hashicorp/aws\"]",
      "instances": [
        {
          "index_key": "health_event",
          "schema_version": 1,
          "attributes": {
            "appsync_target": [],
            "arn": "arn:aws:sqs:eu-central-1:913024026099:Karpenter-test_eks_cluster",
            "batch_target": [],
            "dead_letter_config": [],
            "ecs_target": [],
            "event_bus_name": "default",
            "force_destroy": false,
            "http_target": [],
            "id": "KarpenterHealthEvent-20250929115905552300000006-KarpenterInterruptionQueueTarget",
            "input": "",
            "input_path": "",
            "input_transformer": [],
            "kinesis_target": [],
            "redshift_target": [],
            "region": "eu-central-1",
            "retry_policy": [],
            "role_arn": "",
            "rule": "KarpenterHealthEvent-20250929115905552300000006",
            "run_command_targets": [],
            "sagemaker_pipeline_target": [],
            "sqs_target": [],
            "target_id": "KarpenterInterruptionQueueTarget"
          },
          "sensitive_attributes": [],
          "identity_schema_version": 0,
          "identity": {
            "account_id": "913024026099",
            "event_bus_name": "default",
            "region": "eu-central-1",
            "rule": "KarpenterHealthEvent-20250929115905552300000006",
            "target_id": "KarpenterInterruptionQueueTarget"
          },
          "private": "eyJzY2hlbWFfdmVyc2lvbiI6IjEifQ==",
          "dependencies": [
            "aws_eks_cluster.test_eks_cluster",
            "aws_eks_node_group.karpenter_nodes",
            "aws_iam_role.node_group_role",
            "aws_iam_role.test_eks_role",
            "aws_iam_role_policy_attachment.node_group_AmazonEC2ContainerRegistryReadOnly",
            "aws_iam_role_policy_attachment.node_group_AmazonEKSWorkerNodePolicy",
            "aws_iam_role_policy_attachment.node_group_AmazonEKS_CNI_Policy",
            "aws_iam_role_policy_attachment.test_attach_policy",
            "aws_subnet.test_private_subnet",
            "aws_subnet.test_public_subnet",
            "aws_vpc.test_vpc",
            "data.aws_availability_zones.available",
            "module.karpenter.aws_cloudwatch_event_rule.this",
            "module.karpenter.aws_sqs_queue.this"
          ]
        },
        {
          "index_key": "instance_rebalance",
          "schema_version": 1,
          "attributes": {
            "appsync_target": [],
            "arn": "arn:aws:sqs:eu-central-1:913024026099:Karpenter-test_eks_cluster",
            "batch_target": [],
            "dead_letter_config": [],
            "ecs_target": [],
            "event_bus_name": "default",
            "force_destroy": false,
            "http_target": [],
            "id": "KarpenterInstanceRebalance-20250929115905557800000008-KarpenterInterruptionQueueTarget",
            "input": "",
            "input_path": "",
            "input_transformer": [],
            "kinesis_target": [],
            "redshift_target": [],
            "region": "eu-central-1",
            "retry_policy": [],
            "role_arn": "",
            "rule": "KarpenterInstanceRebalance-20250929115905557800000008",
            "run_command_targets": [],
            "sagemaker_pipeline_target": [],
            "sqs_target": [],
            "target_id": "KarpenterInterruptionQueueTarget"
          },
          "sensitive_attributes": [],
          "identity_schema_version": 0,
          "identity": {
            "account_id": "913024026099",
            "event_bus_name": "default",
            "region": "eu-central-1",
            "rule": "KarpenterInstanceRebalance-20250929115905557800000008",
            "target_id": "KarpenterInterruptionQueueTarget"
          },
          "private": "eyJzY2hlbWFfdmVyc2lvbiI6IjEifQ==",
          "dependencies": [
            "aws_eks_cluster.test_eks_cluster",
            "aws_eks_node_group.karpenter_nodes",
            "aws_iam_role.node_group_role",
            "aws_iam_role.test_eks_role",
            "aws_iam_role_policy_attachment.node_group_AmazonEC2ContainerRegistryReadOnly",
            "aws_iam_role_policy_attachment.node_group_AmazonEKSWorkerNodePolicy",
            "aws_iam_role_policy_attachment.node_group_AmazonEKS_CNI_Policy",
            "aws_iam_role_policy_attachment.test_attach_policy",
            "aws_subnet.test_private_subnet",
            "aws_subnet.test_public_subnet",
            "aws_vpc.test_vpc",
            "data.aws_availability_zones.available",
            "module.karpenter.aws_cloudwatch_event_rule.this",
            "module.karpenter.aws_sqs_queue.this"
          ]
        },
        {
          "index_key": "instance_state_change",
          "schema_version": 1,
          "attributes": {
            "appsync_target": [],
            "arn": "arn:aws:sqs:eu-central-1:913024026099:Karpenter-test_eks_cluster",
            "batch_target": [],
            "dead_letter_config": [],
            "ecs_target": [],
            "event_bus_name": "default",
            "force_destroy": false,
            "http_target": [],
            "id": "KarpenterInstanceStateChange-20250929115905555100000007-KarpenterInterruptionQueueTarget",
            "input": "",
            "input_path": "",
            "input_transformer": [],
            "kinesis_target": [],
            "redshift_target": [],
            "region": "eu-central-1",
            "retry_policy": [],
            "role_arn": "",
            "rule": "KarpenterInstanceStateChange-20250929115905555100000007",
            "run_command_targets": [],
            "sagemaker_pipeline_target": [],
            "sqs_target": [],
            "target_id": "KarpenterInterruptionQueueTarget"
          },
          "sensitive_attributes": [],
          "identity_schema_version": 0,
          "identity": {
            "account_id": "913024026099",
            "event_bus_name": "default",
            "region": "eu-central-1",
            "rule": "KarpenterInstanceStateChange-20250929115905555100000007",
            "target_id": "KarpenterInterruptionQueueTarget"
          },
          "private": "eyJzY2hlbWFfdmVyc2lvbiI6IjEifQ==",
          "dependencies": [
            "aws_eks_cluster.test_eks_cluster",
            "aws_eks_node_group.karpenter_nodes",
            "aws_iam_role.node_group_role",
            "aws_iam_role.test_eks_role",
            "aws_iam_role_policy_attachment.node_group_AmazonEC2ContainerRegistryReadOnly",
            "aws_iam_role_policy_attachment.node_group_AmazonEKSWorkerNodePolicy",
            "aws_iam_role_policy_attachment.node_group_AmazonEKS_CNI_Policy",
            "aws_iam_role_policy_attachment.test_attach_policy",
            "aws_subnet.test_private_subnet",
            "aws_subnet.test_public_subnet",
            "aws_vpc.test_vpc",
            "data.aws_availability_zones.available",
            "module.karpenter.aws_cloudwatch_event_rule.this",
            "module.karpenter.aws_sqs_queue.this"
          ]
        },
        {
          "index_key": "spot_interrupt",
          "schema_version": 1,
          "attributes": {
            "appsync_target": [],
            "arn": "arn:aws:sqs:eu-central-1:913024026099:Karpenter-test_eks_cluster",
            "batch_target": [],
            "dead_letter_config": [],
            "ecs_target": [],
            "event_bus_name": "default",
            "force_destroy": false,
            "http_target": [],
            "id": "KarpenterSpotInterrupt-20250929115905549600000005-KarpenterInterruptionQueueTarget",
            "input": "",
            "input_path": "",
            "input_transformer": [],
            "kinesis_target": [],
            "redshift_target": [],
            "region": "eu-central-1",
            "retry_policy": [],
            "role_arn": "",
            "rule": "KarpenterSpotInterrupt-20250929115905549600000005",
            "run_command_targets": [],
            "sagemaker_pipeline_target": [],
            "sqs_target": [],
            "target_id": "KarpenterInterruptionQueueTarget"
          },
          "sensitive_attributes": [],
          "identity_schema_version": 0,
          "identity": {
            "account_id": "913024026099",
            "event_bus_name": "default",
            "region": "eu-central-1",
            "rule": "KarpenterSpotInterrupt-20250929115905549600000005",
            "target_id": "KarpenterInterruptionQueueTarget"
          },
          "private": "eyJzY2hlbWFfdmVyc2lvbiI6IjEifQ==",
          "dependencies": [
            "aws_eks_cluster.test_eks_cluster",
            "aws_eks_node_group.karpenter_nodes",
            "aws_iam_role.node_group_role",
            "aws_iam_role.test_eks_role",
            "aws_iam_role_policy_attachment.node_group_AmazonEC2ContainerRegistryReadOnly",
            "aws_iam_role_policy_attachment.node_group_AmazonEKSWorkerNodePolicy",
            "aws_iam_role_policy_attachment.node_group_AmazonEKS_CNI_Policy",
            "aws_iam_role_policy_attachment.test_attach_policy",
            "aws_subnet.test_private_subnet",
            "aws_subnet.test_public_subnet",
            "aws_vpc.test_vpc",
            "data.aws_availability_zones.available",
            "module.karpenter.aws_cloudwatch_event_rule.this",
            "module.karpenter.aws_sqs_queue.this"
          ]
        }
      ]
    },
    {
      "module": "module.karpenter",
      "mode": "managed",
      "type": "aws_eks_access_entry",
      "name": "node",
      "provider": "provider[\"registry.terraform.io/hashicorp/aws\"]",
      "instances": [
        {
          "index_key": 0,
          "schema_version": 0,
          "attributes": {
            "access_entry_arn": "arn:aws:eks:eu-central-1:913024026099:access-entry/test_eks_cluster/role/913024026099/Karpenter-test_eks_cluster-2025092911590558230000000a/c4cccaac-12d6-c684-cc35-5a19cd665928",
            "cluster_name": "test_eks_cluster",
            "created_at": "2025-09-29T12:00:06Z",
            "id": "test_eks_cluster:arn:aws:iam::913024026099:role/Karpenter-test_eks_cluster-2025092911590558230000000a",
            "kubernetes_groups": [
              "system:nodes"
            ],
            "modified_at": "2025-09-29T12:00:06Z",
            "principal_arn": "arn:aws:iam::913024026099:role/Karpenter-test_eks_cluster-2025092911590558230000000a",
            "region": "eu-central-1",
            "tags": {},
            "tags_all": {},
            "timeouts": null,
            "type": "EC2_LINUX",
            "user_name": "system:node:{{EC2PrivateDNSName}}"
          },
          "sensitive_attributes": [],
          "identity_schema_version": 0,
          "private": "eyJlMmJmYjczMC1lY2FhLTExZTYtOGY4OC0zNDM2M2JjN2M0YzAiOnsiY3JlYXRlIjo2MDAwMDAwMDAwMDAsImRlbGV0ZSI6NjAwMDAwMDAwMDAwfX0=",
          "dependencies": [
            "aws_eks_cluster.test_eks_cluster",
            "aws_eks_node_group.karpenter_nodes",
            "aws_iam_role.node_group_role",
            "aws_iam_role.test_eks_role",
            "aws_iam_role_policy_attachment.node_group_AmazonEC2ContainerRegistryReadOnly",
            "aws_iam_role_policy_attachment.node_group_AmazonEKSWorkerNodePolicy",
            "aws_iam_role_policy_attachment.node_group_AmazonEKS_CNI_Policy",
            "aws_iam_role_policy_attachment.test_attach_policy",
            "aws_subnet.test_private_subnet",
            "aws_subnet.test_public_subnet",
            "aws_vpc.test_vpc",
            "data.aws_availability_zones.available",
            "module.karpenter.aws_iam_role.node",
            "module.karpenter.aws_sqs_queue.this",
            "module.karpenter.aws_sqs_queue_policy.this",
            "module.karpenter.data.aws_iam_policy_document.node_assume_role",
            "module.karpenter.data.aws_iam_policy_document.queue",
            "module.karpenter.data.aws_partition.current"
          ]
        }
      ]
    },
    {
      "module": "module.karpenter",
      "mode": "managed",
      "type": "aws_eks_pod_identity_association",
      "name": "karpenter",
      "provider": "provider[\"registry.terraform.io/hashicorp/aws\"]",
      "instances": [
        {
          "index_key": 0,
          "schema_version": 0,
          "attributes": {
            "association_arn": "arn:aws:eks:eu-central-1:913024026099:podidentityassociation/test_eks_cluster/a-fcjwy0wsnnj96x3xp",
            "association_id": "a-fcjwy0wsnnj96x3xp",
            "cluster_name": "test_eks_cluster",
            "disable_session_tags": false,
            "external_id": null,
            "id": "a-fcjwy0wsnnj96x3xp",
            "namespace": "kube-system",
            "region": "eu-central-1",
            "role_arn": "arn:aws:iam::913024026099:role/KarpenterController-20250929115905578000000009",
            "service_account": "karpenter",
            "tags": {},
            "tags_all": {},
            "target_role_arn": null
          },
          "sensitive_attributes": [],
          "identity_schema_version": 0,
          "dependencies": [
            "aws_eks_cluster.test_eks_cluster",
            "aws_eks_node_group.karpenter_nodes",
            "aws_iam_role.node_group_role",
            "aws_iam_role.test_eks_role",
            "aws_iam_role_policy_attachment.node_group_AmazonEC2ContainerRegistryReadOnly",
            "aws_iam_role_policy_attachment.node_group_AmazonEKSWorkerNodePolicy",
            "aws_iam_role_policy_attachment.node_group_AmazonEKS_CNI_Policy",
            "aws_iam_role_policy_attachment.test_attach_policy",
            "aws_subnet.test_private_subnet",
            "aws_subnet.test_public_subnet",
            "aws_vpc.test_vpc",
            "data.aws_availability_zones.available",
            "module.karpenter.aws_iam_role.controller",
            "module.karpenter.data.aws_iam_policy_document.controller_assume_role"
          ]
        }
      ]
    },
    {
      "module": "module.karpenter",
      "mode": "managed",
      "type": "aws_iam_policy",
      "name": "controller",
      "provider": "provider[\"registry.terraform.io/hashicorp/aws\"]",
      "instances": [
        {
          "index_key": 0,
          "schema_version": 0,
          "attributes": {
            "arn": "arn:aws:iam::913024026099:policy/KarpenterController-2025092911593847710000000c",
            "attachment_count": 1,
            "description": "Karpenter controller IAM policy",
            "id": "arn:aws:iam::913024026099:policy/KarpenterController-2025092911593847710000000c",
            "name": "KarpenterController-2025092911593847710000000c",
            "name_prefix": "KarpenterController-",
            "path": "/",
            "policy": "{\"Statement\":[{\"Action\":[\"ec2:RunInstances\",\"ec2:CreateFleet\"],\"Effect\":\"Allow\",\"Resource\":[\"arn:aws:ec2:eu-central-1::snapshot/*\",\"arn:aws:ec2:eu-central-1::image/*\",\"arn:aws:ec2:eu-central-1:*:subnet/*\",\"arn:aws:ec2:eu-central-1:*:security-group/*\",\"arn:aws:ec2:eu-central-1:*:capacity-reservation/*\"],\"Sid\":\"AllowScopedEC2InstanceAccessActions\"},{\"Action\":[\"ec2:RunInstances\",\"ec2:CreateFleet\"],\"Condition\":{\"StringEquals\":{\"aws:ResourceTag/kubernetes.io/cluster/test_eks_cluster\":\"owned\"},\"StringLike\":{\"aws:ResourceTag/karpenter.sh/nodepool\":\"*\"}},\"Effect\":\"Allow\",\"Resource\":\"arn:aws:ec2:eu-central-1:*:launch-template/*\",\"Sid\":\"AllowScopedEC2LaunchTemplateAccessActions\"},{\"Action\":[\"ec2:RunInstances\",\"ec2:CreateLaunchTemplate\",\"ec2:CreateFleet\"],\"Condition\":{\"StringEquals\":{\"aws:RequestTag/eks:eks-cluster-name\":\"test_eks_cluster\",\"aws:RequestTag/kubernetes.io/cluster/test_eks_cluster\":\"owned\"},\"StringLike\":{\"aws:RequestTag/karpenter.sh/nodepool\":\"*\"}},\"Effect\":\"Allow\",\"Resource\":[\"arn:aws:ec2:eu-central-1:*:volume/*\",\"arn:aws:ec2:eu-central-1:*:spot-instances-request/*\",\"arn:aws:ec2:eu-central-1:*:network-interface/*\",\"arn:aws:ec2:eu-central-1:*:launch-template/*\",\"arn:aws:ec2:eu-central-1:*:instance/*\",\"arn:aws:ec2:eu-central-1:*:fleet/*\",\"arn:aws:ec2:eu-central-1:*:capacity-reservation/*\"],\"Sid\":\"AllowScopedEC2InstanceActionsWithTags\"},{\"Action\":\"ec2:CreateTags\",\"Condition\":{\"StringEquals\":{\"aws:RequestTag/eks:eks-cluster-name\":\"test_eks_cluster\",\"aws:RequestTag/kubernetes.io/cluster/test_eks_cluster\":\"owned\",\"ec2:CreateAction\":[\"RunInstances\",\"CreateFleet\",\"CreateLaunchTemplate\"]},\"StringLike\":{\"aws:RequestTag/karpenter.sh/nodepool\":\"*\"}},\"Effect\":\"Allow\",\"Resource\":[\"arn:aws:ec2:eu-central-1:*:volume/*\",\"arn:aws:ec2:eu-central-1:*:spot-instances-request/*\",\"arn:aws:ec2:eu-central-1:*:network-interface/*\",\"arn:aws:ec2:eu-central-1:*:launch-template/*\",\"arn:aws:ec2:eu-central-1:*:instance/*\",\"arn:aws:ec2:eu-central-1:*:fleet/*\"],\"Sid\":\"AllowScopedResourceCreationTagging\"},{\"Action\":\"ec2:CreateTags\",\"Condition\":{\"ForAllValues:StringEquals\":{\"aws:TagKeys\":[\"eks:eks-cluster-name\",\"karpenter.sh/nodeclaim\",\"Name\"]},\"StringEquals\":{\"aws:ResourceTag/kubernetes.io/cluster/test_eks_cluster\":\"owned\"},\"StringEqualsIfExists\":{\"aws:RequestTag/eks:eks-cluster-name\":\"test_eks_cluster\"},\"StringLike\":{\"aws:ResourceTag/karpenter.sh/nodepool\":\"*\"}},\"Effect\":\"Allow\",\"Resource\":\"arn:aws:ec2:eu-central-1:*:instance/*\",\"Sid\":\"AllowScopedResourceTagging\"},{\"Action\":[\"ec2:TerminateInstances\",\"ec2:DeleteLaunchTemplate\"],\"Condition\":{\"StringEquals\":{\"aws:ResourceTag/kubernetes.io/cluster/test_eks_cluster\":\"owned\"},\"StringLike\":{\"aws:ResourceTag/karpenter.sh/nodepool\":\"*\"}},\"Effect\":\"Allow\",\"Resource\":[\"arn:aws:ec2:eu-central-1:*:launch-template/*\",\"arn:aws:ec2:eu-central-1:*:instance/*\"],\"Sid\":\"AllowScopedDeletion\"},{\"Action\":[\"ec2:DescribeSubnets\",\"ec2:DescribeSpotPriceHistory\",\"ec2:DescribeSecurityGroups\",\"ec2:DescribeLaunchTemplates\",\"ec2:DescribeInstances\",\"ec2:DescribeInstanceTypes\",\"ec2:DescribeInstanceTypeOfferings\",\"ec2:DescribeImages\",\"ec2:DescribeCapacityReservations\",\"ec2:DescribeAvailabilityZones\"],\"Condition\":{\"StringEquals\":{\"aws:RequestedRegion\":\"eu-central-1\"}},\"Effect\":\"Allow\",\"Resource\":\"*\",\"Sid\":\"AllowRegionalReadActions\"},{\"Action\":\"ssm:GetParameter\",\"Effect\":\"Allow\",\"Resource\":\"arn:aws:ssm:eu-central-1::parameter/aws/service/*\",\"Sid\":\"AllowSSMReadActions\"},{\"Action\":\"pricing:GetProducts\",\"Effect\":\"Allow\",\"Resource\":\"*\",\"Sid\":\"AllowPricingReadActions\"},{\"Action\":[\"sqs:ReceiveMessage\",\"sqs:GetQueueUrl\",\"sqs:DeleteMessage\"],\"Effect\":\"Allow\",\"Resource\":\"arn:aws:sqs:eu-central-1:913024026099:Karpenter-test_eks_cluster\",\"Sid\":\"AllowInterruptionQueueActions\"},{\"Action\":\"iam:PassRole\",\"Condition\":{\"StringEquals\":{\"iam:PassedToService\":\"ec2.amazonaws.com\"}},\"Effect\":\"Allow\",\"Resource\":\"arn:aws:iam::913024026099:role/Karpenter-test_eks_cluster-2025092911590558230000000a\",\"Sid\":\"AllowPassingInstanceRole\"},{\"Action\":\"iam:CreateInstanceProfile\",\"Condition\":{\"StringEquals\":{\"aws:RequestTag/eks:eks-cluster-name\":\"test_eks_cluster\",\"aws:RequestTag/kubernetes.io/cluster/test_eks_cluster\":\"owned\",\"aws:RequestTag/topology.kubernetes.io/region\":\"eu-central-1\"},\"StringLike\":{\"aws:RequestTag/karpenter.k8s.aws/ec2nodeclass\":\"*\"}},\"Effect\":\"Allow\",\"Resource\":\"arn:aws:iam::913024026099:instance-profile/*\",\"Sid\":\"AllowScopedInstanceProfileCreationActions\"},{\"Action\":\"iam:TagInstanceProfile\",\"Condition\":{\"StringEquals\":{\"aws:RequestTag/eks:eks-cluster-name\":\"test_eks_cluster\",\"aws:RequestTag/kubernetes.io/cluster/test_eks_cluster\":\"owned\",\"aws:RequestTag/topology.kubernetes.io/region\":\"eu-central-1\",\"aws:ResourceTag/kubernetes.io/cluster/test_eks_cluster\":\"owned\",\"aws:ResourceTag/topology.kubernetes.io/region\":\"eu-central-1\"},\"StringLike\":{\"aws:RequestTag/karpenter.k8s.aws/ec2nodeclass\":\"*\",\"aws:ResourceTag/karpenter.k8s.aws/ec2nodeclass\":\"*\"}},\"Effect\":\"Allow\",\"Resource\":\"arn:aws:iam::913024026099:instance-profile/*\",\"Sid\":\"AllowScopedInstanceProfileTagActions\"},{\"Action\":[\"iam:RemoveRoleFromInstanceProfile\",\"iam:DeleteInstanceProfile\",\"iam:AddRoleToInstanceProfile\"],\"Condition\":{\"StringEquals\":{\"aws:ResourceTag/kubernetes.io/cluster/test_eks_cluster\":\"owned\",\"aws:ResourceTag/topology.kubernetes.io/region\":\"eu-central-1\"},\"StringLike\":{\"aws:ResourceTag/karpenter.k8s.aws/ec2nodeclass\":\"*\"}},\"Effect\":\"Allow\",\"Resource\":\"arn:aws:iam::913024026099:instance-profile/*\",\"Sid\":\"AllowScopedInstanceProfileActions\"},{\"Action\":\"iam:GetInstanceProfile\",\"Effect\":\"Allow\",\"Resource\":\"arn:aws:iam::913024026099:instance-profile/*\",\"Sid\":\"AllowInstanceProfileReadActions\"},{\"Action\":\"iam:ListInstanceProfiles\",\"Effect\":\"Allow\",\"Resource\":\"*\",\"Sid\":\"AllowUnscopedInstanceProfileListAction\"},{\"Action\":\"eks:DescribeCluster\",\"Effect\":\"Allow\",\"Resource\":\"arn:aws:eks:eu-central-1:913024026099:cluster/test_eks_cluster\",\"Sid\":\"AllowAPIServerEndpointDiscovery\"}],\"Version\":\"2012-10-17\"}",
            "policy_id": "ANPA5JFDZAXZ3PYAIEVIN",
            "tags": {},
            "tags_all": {}
          },
          "sensitive_attributes": [],
          "identity_schema_version": 0,
          "identity": {
            "arn": "arn:aws:iam::913024026099:policy/KarpenterController-2025092911593847710000000c"
          },
          "private": "bnVsbA==",
          "dependencies": [
            "aws_eks_cluster.test_eks_cluster",
            "aws_eks_node_group.karpenter_nodes",
            "aws_iam_role.node_group_role",
            "aws_iam_role.test_eks_role",
            "aws_iam_role_policy_attachment.node_group_AmazonEC2ContainerRegistryReadOnly",
            "aws_iam_role_policy_attachment.node_group_AmazonEKSWorkerNodePolicy",
            "aws_iam_role_policy_attachment.node_group_AmazonEKS_CNI_Policy",
            "aws_iam_role_policy_attachment.test_attach_policy",
            "aws_subnet.test_private_subnet",
            "aws_subnet.test_public_subnet",
            "aws_vpc.test_vpc",
            "data.aws_availability_zones.available",
            "module.karpenter.aws_iam_role.node",
            "module.karpenter.aws_sqs_queue.this",
            "module.karpenter.data.aws_caller_identity.current",
            "module.karpenter.data.aws_iam_policy_document.controller",
            "module.karpenter.data.aws_iam_policy_document.node_assume_role",
            "module.karpenter.data.aws_partition.current",
            "module.karpenter.data.aws_region.current"
          ]
        }
      ]
    },
    {
      "module": "module.karpenter",
      "mode": "managed",
      "type": "aws_iam_role",
      "name": "controller",
      "provider": "provider[\"registry.terraform.io/hashicorp/aws\"]",
      "instances": [
        {
          "index_key": 0,
          "schema_version": 0,
          "attributes": {
            "arn": "arn:aws:iam::913024026099:role/KarpenterController-20250929115905578000000009",
            "assume_role_policy": "{\"Statement\":[{\"Action\":[\"sts:TagSession\",\"sts:AssumeRole\"],\"Effect\":\"Allow\",\"Principal\":{\"Service\":\"pods.eks.amazonaws.com\"},\"Sid\":\"PodIdentity\"}],\"Version\":\"2012-10-17\"}",
            "create_date": "2025-09-29T11:59:07Z",
            "description": "Karpenter controller IAM role",
            "force_detach_policies": true,
            "id": "KarpenterController-20250929115905578000000009",
            "inline_policy": [],
            "managed_policy_arns": [
              "arn:aws:iam::913024026099:policy/KarpenterController-2025092911593847710000000c"
            ],
            "max_session_duration": 3600,
            "name": "KarpenterController-20250929115905578000000009",
            "name_prefix": "KarpenterController-",
            "path": "/",
            "permissions_boundary": "",
            "tags": {},
            "tags_all": {},
            "unique_id": "AROA5JFDZAXZRYUVLHIMG"
          },
          "sensitive_attributes": [],
          "identity_schema_version": 0,
          "identity": {
            "account_id": "913024026099",
            "name": "KarpenterController-20250929115905578000000009"
          },
          "private": "bnVsbA==",
          "dependencies": [
            "aws_eks_cluster.test_eks_cluster",
            "aws_eks_node_group.karpenter_nodes",
            "aws_iam_role.node_group_role",
            "aws_iam_role.test_eks_role",
            "aws_iam_role_policy_attachment.node_group_AmazonEC2ContainerRegistryReadOnly",
            "aws_iam_role_policy_attachment.node_group_AmazonEKSWorkerNodePolicy",
            "aws_iam_role_policy_attachment.node_group_AmazonEKS_CNI_Policy",
            "aws_iam_role_policy_attachment.test_attach_policy",
            "aws_subnet.test_private_subnet",
            "aws_subnet.test_public_subnet",
            "aws_vpc.test_vpc",
            "data.aws_availability_zones.available",
            "module.karpenter.data.aws_iam_policy_document.controller_assume_role"
          ]
        }
      ]
    },
    {
      "module": "module.karpenter",
      "mode": "managed",
      "type": "aws_iam_role",
      "name": "node",
      "provider": "provider[\"registry.terraform.io/hashicorp/aws\"]",
      "instances": [
        {
          "index_key": 0,
          "schema_version": 0,
          "attributes": {
            "arn": "arn:aws:iam::913024026099:role/Karpenter-test_eks_cluster-2025092911590558230000000a",
            "assume_role_policy": "{\"Statement\":[{\"Action\":\"sts:AssumeRole\",\"Effect\":\"Allow\",\"Principal\":{\"Service\":\"ec2.amazonaws.com\"},\"Sid\":\"EKSNodeAssumeRole\"}],\"Version\":\"2012-10-17\"}",
            "create_date": "2025-09-29T11:59:07Z",
            "description": "",
            "force_detach_policies": true,
            "id": "Karpenter-test_eks_cluster-2025092911590558230000000a",
            "inline_policy": [],
            "managed_policy_arns": [
              "arn:aws:iam::aws:policy/AmazonEC2ContainerRegistryPullOnly",
              "arn:aws:iam::aws:policy/AmazonEKSWorkerNodePolicy",
              "arn:aws:iam::aws:policy/AmazonEKS_CNI_Policy",
              "arn:aws:iam::aws:policy/AmazonSSMManagedInstanceCore"
            ],
            "max_session_duration": 3600,
            "name": "Karpenter-test_eks_cluster-2025092911590558230000000a",
            "name_prefix": "Karpenter-test_eks_cluster-",
            "path": "/",
            "permissions_boundary": "",
            "tags": {},
            "tags_all": {},
            "unique_id": "AROA5JFDZAXZWLGX57CDZ"
          },
          "sensitive_attributes": [],
          "identity_schema_version": 0,
          "identity": {
            "account_id": "913024026099",
            "name": "Karpenter-test_eks_cluster-2025092911590558230000000a"
          },
          "private": "bnVsbA==",
          "dependencies": [
            "aws_eks_cluster.test_eks_cluster",
            "aws_eks_node_group.karpenter_nodes",
            "aws_iam_role.node_group_role",
            "aws_iam_role.test_eks_role",
            "aws_iam_role_policy_attachment.node_group_AmazonEC2ContainerRegistryReadOnly",
            "aws_iam_role_policy_attachment.node_group_AmazonEKSWorkerNodePolicy",
            "aws_iam_role_policy_attachment.node_group_AmazonEKS_CNI_Policy",
            "aws_iam_role_policy_attachment.test_attach_policy",
            "aws_subnet.test_private_subnet",
            "aws_subnet.test_public_subnet",
            "aws_vpc.test_vpc",
            "data.aws_availability_zones.available",
            "module.karpenter.data.aws_iam_policy_document.node_assume_role",
            "module.karpenter.data.aws_partition.current"
          ]
        }
      ]
    },
    {
      "module": "module.karpenter",
      "mode": "managed",
      "type": "aws_iam_role_policy_attachment",
      "name": "controller",
      "provider": "provider[\"registry.terraform.io/hashicorp/aws\"]",
      "instances": [
        {
          "index_key": 0,
          "schema_version": 0,
          "attributes": {
            "id": "KarpenterController-20250929115905578000000009/arn:aws:iam::913024026099:policy/KarpenterController-2025092911593847710000000c",
            "policy_arn": "arn:aws:iam::913024026099:policy/KarpenterController-2025092911593847710000000c",
            "role": "KarpenterController-20250929115905578000000009"
          },
          "sensitive_attributes": [],
          "identity_schema_version": 0,
          "identity": {
            "account_id": "913024026099",
            "policy_arn": "arn:aws:iam::913024026099:policy/KarpenterController-2025092911593847710000000c",
            "role": "KarpenterController-20250929115905578000000009"
          },
          "private": "bnVsbA==",
          "dependencies": [
            "aws_eks_cluster.test_eks_cluster",
            "aws_eks_node_group.karpenter_nodes",
            "aws_iam_role.node_group_role",
            "aws_iam_role.test_eks_role",
            "aws_iam_role_policy_attachment.node_group_AmazonEC2ContainerRegistryReadOnly",
            "aws_iam_role_policy_attachment.node_group_AmazonEKSWorkerNodePolicy",
            "aws_iam_role_policy_attachment.node_group_AmazonEKS_CNI_Policy",
            "aws_iam_role_policy_attachment.test_attach_policy",
            "aws_subnet.test_private_subnet",
            "aws_subnet.test_public_subnet",
            "aws_vpc.test_vpc",
            "data.aws_availability_zones.available",
            "module.karpenter.aws_iam_policy.controller",
            "module.karpenter.aws_iam_role.controller",
            "module.karpenter.aws_iam_role.node",
            "module.karpenter.aws_sqs_queue.this",
            "module.karpenter.data.aws_caller_identity.current",
            "module.karpenter.data.aws_iam_policy_document.controller",
            "module.karpenter.data.aws_iam_policy_document.controller_assume_role",
            "module.karpenter.data.aws_iam_policy_document.node_assume_role",
            "module.karpenter.data.aws_partition.current",
            "module.karpenter.data.aws_region.current"
          ]
        }
      ]
    },
    {
      "module": "module.karpenter",
      "mode": "managed",
      "type": "aws_iam_role_policy_attachment",
      "name": "node",
      "provider": "provider[\"registry.terraform.io/hashicorp/aws\"]",
      "instances": [
        {
          "index_key": "AmazonEC2ContainerRegistryPullOnly",
          "schema_version": 0,
          "attributes": {
            "id": "Karpenter-test_eks_cluster-2025092911590558230000000a/arn:aws:iam::aws:policy/AmazonEC2ContainerRegistryPullOnly",
            "policy_arn": "arn:aws:iam::aws:policy/AmazonEC2ContainerRegistryPullOnly",
            "role": "Karpenter-test_eks_cluster-2025092911590558230000000a"
          },
          "sensitive_attributes": [],
          "identity_schema_version": 0,
          "identity": {
            "account_id": "913024026099",
            "policy_arn": "arn:aws:iam::aws:policy/AmazonEC2ContainerRegistryPullOnly",
            "role": "Karpenter-test_eks_cluster-2025092911590558230000000a"
          },
          "private": "bnVsbA==",
          "dependencies": [
            "aws_eks_cluster.test_eks_cluster",
            "aws_eks_node_group.karpenter_nodes",
            "aws_iam_role.node_group_role",
            "aws_iam_role.test_eks_role",
            "aws_iam_role_policy_attachment.node_group_AmazonEC2ContainerRegistryReadOnly",
            "aws_iam_role_policy_attachment.node_group_AmazonEKSWorkerNodePolicy",
            "aws_iam_role_policy_attachment.node_group_AmazonEKS_CNI_Policy",
            "aws_iam_role_policy_attachment.test_attach_policy",
            "aws_subnet.test_private_subnet",
            "aws_subnet.test_public_subnet",
            "aws_vpc.test_vpc",
            "data.aws_availability_zones.available",
            "module.karpenter.aws_iam_role.node",
            "module.karpenter.data.aws_caller_identity.current",
            "module.karpenter.data.aws_iam_policy_document.node_assume_role",
            "module.karpenter.data.aws_partition.current"
          ]
        },
        {
          "index_key": "AmazonEKSWorkerNodePolicy",
          "schema_version": 0,
          "attributes": {
            "id": "Karpenter-test_eks_cluster-2025092911590558230000000a/arn:aws:iam::aws:policy/AmazonEKSWorkerNodePolicy",
            "policy_arn": "arn:aws:iam::aws:policy/AmazonEKSWorkerNodePolicy",
            "role": "Karpenter-test_eks_cluster-2025092911590558230000000a"
          },
          "sensitive_attributes": [],
          "identity_schema_version": 0,
          "identity": {
            "account_id": "913024026099",
            "policy_arn": "arn:aws:iam::aws:policy/AmazonEKSWorkerNodePolicy",
            "role": "Karpenter-test_eks_cluster-2025092911590558230000000a"
          },
          "private": "bnVsbA==",
          "dependencies": [
            "aws_eks_cluster.test_eks_cluster",
            "aws_eks_node_group.karpenter_nodes",
            "aws_iam_role.node_group_role",
            "aws_iam_role.test_eks_role",
            "aws_iam_role_policy_attachment.node_group_AmazonEC2ContainerRegistryReadOnly",
            "aws_iam_role_policy_attachment.node_group_AmazonEKSWorkerNodePolicy",
            "aws_iam_role_policy_attachment.node_group_AmazonEKS_CNI_Policy",
            "aws_iam_role_policy_attachment.test_attach_policy",
            "aws_subnet.test_private_subnet",
            "aws_subnet.test_public_subnet",
            "aws_vpc.test_vpc",
            "data.aws_availability_zones.available",
            "module.karpenter.aws_iam_role.node",
            "module.karpenter.data.aws_caller_identity.current",
            "module.karpenter.data.aws_iam_policy_document.node_assume_role",
            "module.karpenter.data.aws_partition.current"
          ]
        },
        {
          "index_key": "AmazonEKS_CNI_Policy",
          "schema_version": 0,
          "attributes": {
            "id": "Karpenter-test_eks_cluster-2025092911590558230000000a/arn:aws:iam::aws:policy/AmazonEKS_CNI_Policy",
            "policy_arn": "arn:aws:iam::aws:policy/AmazonEKS_CNI_Policy",
            "role": "Karpenter-test_eks_cluster-2025092911590558230000000a"
          },
          "sensitive_attributes": [],
          "identity_schema_version": 0,
          "identity": {
            "account_id": "913024026099",
            "policy_arn": "arn:aws:iam::aws:policy/AmazonEKS_CNI_Policy",
            "role": "Karpenter-test_eks_cluster-2025092911590558230000000a"
          },
          "private": "bnVsbA==",
          "dependencies": [
            "aws_eks_cluster.test_eks_cluster",
            "aws_eks_node_group.karpenter_nodes",
            "aws_iam_role.node_group_role",
            "aws_iam_role.test_eks_role",
            "aws_iam_role_policy_attachment.node_group_AmazonEC2ContainerRegistryReadOnly",
            "aws_iam_role_policy_attachment.node_group_AmazonEKSWorkerNodePolicy",
            "aws_iam_role_policy_attachment.node_group_AmazonEKS_CNI_Policy",
            "aws_iam_role_policy_attachment.test_attach_policy",
            "aws_subnet.test_private_subnet",
            "aws_subnet.test_public_subnet",
            "aws_vpc.test_vpc",
            "data.aws_availability_zones.available",
            "module.karpenter.aws_iam_role.node",
            "module.karpenter.data.aws_caller_identity.current",
            "module.karpenter.data.aws_iam_policy_document.node_assume_role",
            "module.karpenter.data.aws_partition.current"
          ]
        }
      ]
    },
    {
      "module": "module.karpenter",
      "mode": "managed",
      "type": "aws_iam_role_policy_attachment",
      "name": "node_additional",
      "provider": "provider[\"registry.terraform.io/hashicorp/aws\"]",
      "instances": [
        {
          "index_key": "AmazonSSMManagedInstanceCore",
          "schema_version": 0,
          "attributes": {
            "id": "Karpenter-test_eks_cluster-2025092911590558230000000a/arn:aws:iam::aws:policy/AmazonSSMManagedInstanceCore",
            "policy_arn": "arn:aws:iam::aws:policy/AmazonSSMManagedInstanceCore",
            "role": "Karpenter-test_eks_cluster-2025092911590558230000000a"
          },
          "sensitive_attributes": [],
          "identity_schema_version": 0,
          "identity": {
            "account_id": "913024026099",
            "policy_arn": "arn:aws:iam::aws:policy/AmazonSSMManagedInstanceCore",
            "role": "Karpenter-test_eks_cluster-2025092911590558230000000a"
          },
          "private": "bnVsbA==",
          "dependencies": [
            "aws_eks_cluster.test_eks_cluster",
            "aws_eks_node_group.karpenter_nodes",
            "aws_iam_role.node_group_role",
            "aws_iam_role.test_eks_role",
            "aws_iam_role_policy_attachment.node_group_AmazonEC2ContainerRegistryReadOnly",
            "aws_iam_role_policy_attachment.node_group_AmazonEKSWorkerNodePolicy",
            "aws_iam_role_policy_attachment.node_group_AmazonEKS_CNI_Policy",
            "aws_iam_role_policy_attachment.test_attach_policy",
            "aws_subnet.test_private_subnet",
            "aws_subnet.test_public_subnet",
            "aws_vpc.test_vpc",
            "data.aws_availability_zones.available",
            "module.karpenter.aws_iam_role.node",
            "module.karpenter.data.aws_iam_policy_document.node_assume_role",
            "module.karpenter.data.aws_partition.current"
          ]
        }
      ]
    },
    {
      "module": "module.karpenter",
      "mode": "managed",
      "type": "aws_sqs_queue",
      "name": "this",
      "provider": "provider[\"registry.terraform.io/hashicorp/aws\"]",
      "instances": [
        {
          "index_key": 0,
          "schema_version": 0,
          "attributes": {
            "arn": "arn:aws:sqs:eu-central-1:913024026099:Karpenter-test_eks_cluster",
            "content_based_deduplication": false,
            "deduplication_scope": "",
            "delay_seconds": 0,
            "fifo_queue": false,
            "fifo_throughput_limit": "",
            "id": "https://sqs.eu-central-1.amazonaws.com/913024026099/Karpenter-test_eks_cluster",
            "kms_data_key_reuse_period_seconds": 300,
            "kms_master_key_id": "",
            "max_message_size": 262144,
            "message_retention_seconds": 300,
            "name": "Karpenter-test_eks_cluster",
            "name_prefix": "",
            "policy": "{\"Statement\":[{\"Action\":\"sqs:SendMessage\",\"Effect\":\"Allow\",\"Principal\":{\"Service\":[\"events.amazonaws.com\",\"sqs.amazonaws.com\"]},\"Resource\":\"arn:aws:sqs:eu-central-1:913024026099:Karpenter-test_eks_cluster\",\"Sid\":\"SqsWrite\"},{\"Action\":\"sqs:*\",\"Condition\":{\"Bool\":{\"aws:SecureTransport\":\"false\"}},\"Effect\":\"Deny\",\"Principal\":\"*\",\"Resource\":\"arn:aws:sqs:eu-central-1:913024026099:Karpenter-test_eks_cluster\",\"Sid\":\"DenyHTTP\"}],\"Version\":\"2012-10-17\"}",
            "receive_wait_time_seconds": 0,
            "redrive_allow_policy": "",
            "redrive_policy": "",
            "region": "eu-central-1",
            "sqs_managed_sse_enabled": true,
            "tags": {},
            "tags_all": {},
            "timeouts": null,
            "url": "https://sqs.eu-central-1.amazonaws.com/913024026099/Karpenter-test_eks_cluster",
            "visibility_timeout_seconds": 30
          },
          "sensitive_attributes": [],
          "identity_schema_version": 0,
          "identity": {
            "account_id": "913024026099",
            "region": "eu-central-1",
            "url": "https://sqs.eu-central-1.amazonaws.com/913024026099/Karpenter-test_eks_cluster"
          },
          "private": "eyJlMmJmYjczMC1lY2FhLTExZTYtOGY4OC0zNDM2M2JjN2M0YzAiOnsiY3JlYXRlIjoxODAwMDAwMDAwMDAsImRlbGV0ZSI6MTgwMDAwMDAwMDAwLCJ1cGRhdGUiOjE4MDAwMDAwMDAwMH19",
          "dependencies": [
            "aws_eks_cluster.test_eks_cluster",
            "aws_eks_node_group.karpenter_nodes",
            "aws_iam_role.node_group_role",
            "aws_iam_role.test_eks_role",
            "aws_iam_role_policy_attachment.node_group_AmazonEC2ContainerRegistryReadOnly",
            "aws_iam_role_policy_attachment.node_group_AmazonEKSWorkerNodePolicy",
            "aws_iam_role_policy_attachment.node_group_AmazonEKS_CNI_Policy",
            "aws_iam_role_policy_attachment.test_attach_policy",
            "aws_subnet.test_private_subnet",
            "aws_subnet.test_public_subnet",
            "aws_vpc.test_vpc",
            "data.aws_availability_zones.available"
          ]
        }
      ]
    },
    {
      "module": "module.karpenter",
      "mode": "managed",
      "type": "aws_sqs_queue_policy",
      "name": "this",
      "provider": "provider[\"registry.terraform.io/hashicorp/aws\"]",
      "instances": [
        {
          "index_key": 0,
          "schema_version": 1,
          "attributes": {
            "id": "https://sqs.eu-central-1.amazonaws.com/913024026099/Karpenter-test_eks_cluster",
            "policy": "{\"Statement\":[{\"Action\":\"sqs:SendMessage\",\"Effect\":\"Allow\",\"Principal\":{\"Service\":[\"sqs.amazonaws.com\",\"events.amazonaws.com\"]},\"Resource\":\"arn:aws:sqs:eu-central-1:913024026099:Karpenter-test_eks_cluster\",\"Sid\":\"SqsWrite\"},{\"Action\":\"sqs:*\",\"Condition\":{\"Bool\":{\"aws:SecureTransport\":\"false\"}},\"Effect\":\"Deny\",\"Principal\":\"*\",\"Resource\":\"arn:aws:sqs:eu-central-1:913024026099:Karpenter-test_eks_cluster\",\"Sid\":\"DenyHTTP\"}],\"Version\":\"2012-10-17\"}",
            "queue_url": "https://sqs.eu-central-1.amazonaws.com/913024026099/Karpenter-test_eks_cluster",
            "region": "eu-central-1"
          },
          "sensitive_attributes": [],
          "identity_schema_version": 0,
          "identity": {
            "account_id": "913024026099",
            "queue_url": "https://sqs.eu-central-1.amazonaws.com/913024026099/Karpenter-test_eks_cluster",
            "region": "eu-central-1"
          },
          "private": "eyJzY2hlbWFfdmVyc2lvbiI6IjEifQ==",
          "dependencies": [
            "aws_eks_cluster.test_eks_cluster",
            "aws_eks_node_group.karpenter_nodes",
            "aws_iam_role.node_group_role",
            "aws_iam_role.test_eks_role",
            "aws_iam_role_policy_attachment.node_group_AmazonEC2ContainerRegistryReadOnly",
            "aws_iam_role_policy_attachment.node_group_AmazonEKSWorkerNodePolicy",
            "aws_iam_role_policy_attachment.node_group_AmazonEKS_CNI_Policy",
            "aws_iam_role_policy_attachment.test_attach_policy",
            "aws_subnet.test_private_subnet",
            "aws_subnet.test_public_subnet",
            "aws_vpc.test_vpc",
            "data.aws_availability_zones.available",
            "module.karpenter.aws_sqs_queue.this",
            "module.karpenter.data.aws_iam_policy_document.queue"
          ]
        }
      ]
    }
  ],
  "check_results": null
}
