{
  "version": 4,
  "terraform_version": "1.12.2",
  "serial": 11,
  "lineage": "e274efbd-62bc-728f-6671-ad3f24b859c7",
  "outputs": {},
  "resources": [
    {
      "mode": "managed",
      "type": "azurerm_network_security_group",
      "name": "aks_security_group",
      "provider": "provider[\"registry.terraform.io/hashicorp/azurerm\"]",
      "instances": [
        {
          "schema_version": 0,
          "attributes": {
            "id": "/subscriptions/17c4e02b-4d12-4506-b997-5bdd24cebb5f/resourceGroups/aks-resources/providers/Microsoft.Network/networkSecurityGroups/aks-security-group",
            "location": "westeurope",
            "name": "aks-security-group",
            "resource_group_name": "aks-resources",
            "security_rule": [],
            "tags": {},
            "timeouts": null
          },
          "sensitive_attributes": [],
          "identity_schema_version": 0,
          "identity": {
            "name": "aks-security-group",
            "resource_group_name": "aks-resources",
            "subscription_id": "17c4e02b-4d12-4506-b997-5bdd24cebb5f"
          },
          "private": "eyJlMmJmYjczMC1lY2FhLTExZTYtOGY4OC0zNDM2M2JjN2M0YzAiOnsiY3JlYXRlIjoxODAwMDAwMDAwMDAwLCJkZWxldGUiOjE4MDAwMDAwMDAwMDAsInJlYWQiOjMwMDAwMDAwMDAwMCwidXBkYXRlIjoxODAwMDAwMDAwMDAwfX0=",
          "dependencies": [
            "azurerm_resource_group.aks_resource"
          ]
        }
      ]
    },
    {
      "mode": "managed",
      "type": "azurerm_resource_group",
      "name": "aks_resource",
      "provider": "provider[\"registry.terraform.io/hashicorp/azurerm\"]",
      "instances": [
        {
          "schema_version": 0,
          "attributes": {
            "id": "/subscriptions/17c4e02b-4d12-4506-b997-5bdd24cebb5f/resourceGroups/aks-resources",
            "location": "westeurope",
            "managed_by": "",
            "name": "aks-resources",
            "tags": {},
            "timeouts": null
          },
          "sensitive_attributes": [],
          "identity_schema_version": 0,
          "private": "eyJlMmJmYjczMC1lY2FhLTExZTYtOGY4OC0zNDM2M2JjN2M0YzAiOnsiY3JlYXRlIjo1NDAwMDAwMDAwMDAwLCJkZWxldGUiOjU0MDAwMDAwMDAwMDAsInJlYWQiOjMwMDAwMDAwMDAwMCwidXBkYXRlIjo1NDAwMDAwMDAwMDAwfX0="
        }
      ]
    }
  ],
  "check_results": null
}
