{
  "version": 4,
  "terraform_version": "1.12.2",
  "serial": 77,
  "lineage": "b4842d02-cbcb-8017-76fc-0a59fd38bd3e",
  "outputs": {
    "endpoint": {
      "value": "https://B3048B2485E31FD6304AEE80CDA076C0.gr7.us-east-1.eks.amazonaws.com",
      "type": "string"
    },
    "kubeconfig-certificate-authority-data": {
      "value": "LS0tLS1CRUdJTiBDRVJUSUZJQ0FURS0tLS0tCk1JSURCVENDQWUyZ0F3SUJBZ0lJTll5Y3pGWTlsOXN3RFFZSktvWklodmNOQVFFTEJRQXdGVEVUTUJFR0ExVUUKQXhNS2EzVmlaWEp1WlhSbGN6QWVGdzB5TlRBM01qUXdOalU0TVROYUZ3MHpOVEEzTWpJd056QXpNVE5hTUJVeApFekFSQmdOVkJBTVRDbXQxWW1WeWJtVjBaWE13Z2dFaU1BMEdDU3FHU0liM0RRRUJBUVVBQTRJQkR3QXdnZ0VLCkFvSUJBUUQ1NktCbmZyUDk0T0JBaDl5M2FtbjFPcEhMMVNVMy9vYURjb3lMSzdkUUxXZEFmRENXQ3k1L0xrdVQKdWVKT21YbFM0UVl4ZEw1WC9WZzNGcWpXVjAzZUpobG92TDF4VmNKaVJia2g5dmZVeEEvWVJXTmkrMEVQWG9WUwpNcCt0MlhvZFo4dld3YUJPZE0rUXFHL1lmWTZjU0tmNEZTUjU3UEM3QWZoMlhnV2w4cTlVRlY4ZnhkOXMwZjlsCmpocElReFJIbEN5RjF6VzBBS3JMVXl1WWxjNjNpVlgxVDRpdGZEQlNUQ0J1SXRxc3ByRktzcU9JU0VsTGhHRkIKMWFKcGJJZjRZTnJLNkFQa1FyRmQvS2ZqbTVvQ25sWHg0bUliMUZwK1NjelBNVjdWOVY0U25ZY01MY3Y0YVJjOQpRbmtvdXRPd3FLMzgyRWN1Qy9zMXVXR1B3RmNyQWdNQkFBR2pXVEJYTUE0R0ExVWREd0VCL3dRRUF3SUNwREFQCkJnTlZIUk1CQWY4RUJUQURBUUgvTUIwR0ExVWREZ1FXQkJSMFMvTFZoTk9aSHYrZG04cGdsNXRFM0x3aTZqQVYKQmdOVkhSRUVEakFNZ2dwcmRXSmxjbTVsZEdWek1BMEdDU3FHU0liM0RRRUJDd1VBQTRJQkFRQ0JsRkFEZDZuZQpzbFZFZVJ2eVg4NmpQdm9FdVRUV2xZRkptR2tYcHRSb1ZKNDF0emE2MjluSXcxVlR4UmlGSjB5eUE4SURndnBFCjV4eC83eVcvNHFpOGpBRVRPS0lRZUhVWU83RkhjTmFLQkVDWUd4K1dRVlluL1dWSkxxamdmOW5iSzcvYmxZQmQKSi9WK0dOY21KS0hZUTYzdDFVMDVQMHVpTUZZenZFOTdsaWYzVHZ6QXJuR1ZHRFFRVW5TSFF1aVVXYzhQMERTOApkZUFxekFtTU52QTdVTjFBcmxkLzNVRXNhcGF1Z3Z6N09USTJIRU1vTUQxMXV2UnExTlNCR3BUQ3dDU1lkOFdNCmtsR3huSEdpVmI4YlVscjRTRFEyeVlRdHJvcXB6NlhleVFZUW9HMjdkSmJudHVvUk5GQllVbjh3c0pndSt0V3YKMGxLRmZ1Q0hRenpGCi0tLS0tRU5EIENFUlRJRklDQVRFLS0tLS0K",
      "type": "string"
    }
  },
  "resources": [
    {
      "mode": "data",
      "type": "aws_availability_zones",
      "name": "available",
      "provider": "provider[\"registry.terraform.io/hashicorp/aws\"]",
      "instances": [
        {
          "schema_version": 0,
          "attributes": {
            "all_availability_zones": null,
            "exclude_names": null,
            "exclude_zone_ids": null,
            "filter": null,
            "group_names": [
              "us-east-1-zg-1"
            ],
            "id": "us-east-1",
            "names": [
              "us-east-1a",
              "us-east-1b",
              "us-east-1c",
              "us-east-1d",
              "us-east-1e",
              "us-east-1f"
            ],
            "region": "us-east-1",
            "state": "available",
            "timeouts": null,
            "zone_ids": [
              "use1-az6",
              "use1-az1",
              "use1-az2",
              "use1-az4",
              "use1-az3",
              "use1-az5"
            ]
          },
          "sensitive_attributes": [],
          "identity_schema_version": 0
        }
      ]
    },
    {
      "mode": "managed",
      "type": "aws_eip",
      "name": "tf_eip",
      "provider": "provider[\"registry.terraform.io/hashicorp/aws\"]",
      "instances": [
        {
          "schema_version": 0,
          "attributes": {
            "address": null,
            "allocation_id": "eipalloc-07bd59005bfe0567e",
            "arn": "arn:aws:ec2:us-east-1:361769560846:elastic-ip/eipalloc-07bd59005bfe0567e",
            "associate_with_private_ip": null,
            "association_id": "eipassoc-0bba6503ff92ffa68",
            "carrier_ip": "",
            "customer_owned_ip": "",
            "customer_owned_ipv4_pool": "",
            "domain": "vpc",
            "id": "eipalloc-07bd59005bfe0567e",
            "instance": "",
            "ipam_pool_id": null,
            "network_border_group": "us-east-1",
            "network_interface": "eni-0df9d2769944014ce",
            "private_dns": "ip-11-0-10-47.ec2.internal",
            "private_ip": "11.0.10.47",
            "ptr_record": "",
            "public_dns": "ec2-54-92-183-97.compute-1.amazonaws.com",
            "public_ip": "54.92.183.97",
            "public_ipv4_pool": "amazon",
            "region": "us-east-1",
            "tags": {
              "Name": "tf_eip"
            },
            "tags_all": {
              "Name": "tf_eip"
            },
            "timeouts": null
          },
          "sensitive_attributes": [],
          "identity_schema_version": 0,
          "private": "eyJlMmJmYjczMC1lY2FhLTExZTYtOGY4OC0zNDM2M2JjN2M0YzAiOnsiZGVsZXRlIjoxODAwMDAwMDAwMDAsInJlYWQiOjkwMDAwMDAwMDAwMCwidXBkYXRlIjozMDAwMDAwMDAwMDB9fQ==",
          "dependencies": [
            "aws_internet_gateway.tf_igw",
            "aws_vpc.tf_vpc"
          ]
        }
      ]
    },
    {
      "mode": "managed",
      "type": "aws_eks_cluster",
      "name": "tf_eks_cluster",
      "provider": "provider[\"registry.terraform.io/hashicorp/aws\"]",
      "instances": [
        {
          "schema_version": 1,
          "attributes": {
            "access_config": [
              {
                "authentication_mode": "API",
                "bootstrap_cluster_creator_admin_permissions": true
              }
            ],
            "arn": "arn:aws:eks:us-east-1:361769560846:cluster/test_eks_cluster",
            "bootstrap_self_managed_addons": true,
            "certificate_authority": [
              {
                "data": "LS0tLS1CRUdJTiBDRVJUSUZJQ0FURS0tLS0tCk1JSURCVENDQWUyZ0F3SUJBZ0lJTll5Y3pGWTlsOXN3RFFZSktvWklodmNOQVFFTEJRQXdGVEVUTUJFR0ExVUUKQXhNS2EzVmlaWEp1WlhSbGN6QWVGdzB5TlRBM01qUXdOalU0TVROYUZ3MHpOVEEzTWpJd056QXpNVE5hTUJVeApFekFSQmdOVkJBTVRDbXQxWW1WeWJtVjBaWE13Z2dFaU1BMEdDU3FHU0liM0RRRUJBUVVBQTRJQkR3QXdnZ0VLCkFvSUJBUUQ1NktCbmZyUDk0T0JBaDl5M2FtbjFPcEhMMVNVMy9vYURjb3lMSzdkUUxXZEFmRENXQ3k1L0xrdVQKdWVKT21YbFM0UVl4ZEw1WC9WZzNGcWpXVjAzZUpobG92TDF4VmNKaVJia2g5dmZVeEEvWVJXTmkrMEVQWG9WUwpNcCt0MlhvZFo4dld3YUJPZE0rUXFHL1lmWTZjU0tmNEZTUjU3UEM3QWZoMlhnV2w4cTlVRlY4ZnhkOXMwZjlsCmpocElReFJIbEN5RjF6VzBBS3JMVXl1WWxjNjNpVlgxVDRpdGZEQlNUQ0J1SXRxc3ByRktzcU9JU0VsTGhHRkIKMWFKcGJJZjRZTnJLNkFQa1FyRmQvS2ZqbTVvQ25sWHg0bUliMUZwK1NjelBNVjdWOVY0U25ZY01MY3Y0YVJjOQpRbmtvdXRPd3FLMzgyRWN1Qy9zMXVXR1B3RmNyQWdNQkFBR2pXVEJYTUE0R0ExVWREd0VCL3dRRUF3SUNwREFQCkJnTlZIUk1CQWY4RUJUQURBUUgvTUIwR0ExVWREZ1FXQkJSMFMvTFZoTk9aSHYrZG04cGdsNXRFM0x3aTZqQVYKQmdOVkhSRUVEakFNZ2dwcmRXSmxjbTVsZEdWek1BMEdDU3FHU0liM0RRRUJDd1VBQTRJQkFRQ0JsRkFEZDZuZQpzbFZFZVJ2eVg4NmpQdm9FdVRUV2xZRkptR2tYcHRSb1ZKNDF0emE2MjluSXcxVlR4UmlGSjB5eUE4SURndnBFCjV4eC83eVcvNHFpOGpBRVRPS0lRZUhVWU83RkhjTmFLQkVDWUd4K1dRVlluL1dWSkxxamdmOW5iSzcvYmxZQmQKSi9WK0dOY21KS0hZUTYzdDFVMDVQMHVpTUZZenZFOTdsaWYzVHZ6QXJuR1ZHRFFRVW5TSFF1aVVXYzhQMERTOApkZUFxekFtTU52QTdVTjFBcmxkLzNVRXNhcGF1Z3Z6N09USTJIRU1vTUQxMXV2UnExTlNCR3BUQ3dDU1lkOFdNCmtsR3huSEdpVmI4YlVscjRTRFEyeVlRdHJvcXB6NlhleVFZUW9HMjdkSmJudHVvUk5GQllVbjh3c0pndSt0V3YKMGxLRmZ1Q0hRenpGCi0tLS0tRU5EIENFUlRJRklDQVRFLS0tLS0K"
              }
            ],
            "cluster_id": null,
            "compute_config": [],
            "created_at": "2025-07-24T06:58:38Z",
            "enabled_cluster_log_types": [],
            "encryption_config": [],
            "endpoint": "https://B3048B2485E31FD6304AEE80CDA076C0.gr7.us-east-1.eks.amazonaws.com",
            "force_update_version": null,
            "id": "test_eks_cluster",
            "identity": [
              {
                "oidc": [
                  {
                    "issuer": "https://oidc.eks.us-east-1.amazonaws.com/id/B3048B2485E31FD6304AEE80CDA076C0"
                  }
                ]
              }
            ],
            "kubernetes_network_config": [
              {
                "elastic_load_balancing": [
                  {
                    "enabled": false
                  }
                ],
                "ip_family": "ipv4",
                "service_ipv4_cidr": "10.100.0.0/16",
                "service_ipv6_cidr": ""
              }
            ],
            "name": "test_eks_cluster",
            "outpost_config": [],
            "platform_version": "eks.29",
            "region": "us-east-1",
            "remote_network_config": [],
            "role_arn": "arn:aws:iam::361769560846:role/tf_eks_role",
            "status": "ACTIVE",
            "storage_config": [],
            "tags": {
              "Name": "EKS cluster"
            },
            "tags_all": {
              "Name": "EKS cluster"
            },
            "timeouts": null,
            "upgrade_policy": [
              {
                "support_type": "STANDARD"
              }
            ],
            "version": "1.31",
            "vpc_config": [
              {
                "cluster_security_group_id": "sg-0af7e695feaf9c07a",
                "endpoint_private_access": true,
                "endpoint_public_access": true,
                "public_access_cidrs": [
                  "0.0.0.0/0"
                ],
                "security_group_ids": [],
                "subnet_ids": [
                  "subnet-034d087e3daab0ba6",
                  "subnet-05ec7ceb55038cb77",
                  "subnet-080370a16589cd35c",
                  "subnet-0a355516df5b6a0b9"
                ],
                "vpc_id": "vpc-0d8240ba2cddd4248"
              }
            ],
            "zonal_shift_config": []
          },
          "sensitive_attributes": [],
          "identity_schema_version": 0,
          "private": "eyJlMmJmYjczMC1lY2FhLTExZTYtOGY4OC0zNDM2M2JjN2M0YzAiOnsiY3JlYXRlIjoxODAwMDAwMDAwMDAwLCJkZWxldGUiOjkwMDAwMDAwMDAwMCwidXBkYXRlIjozNjAwMDAwMDAwMDAwfSwic2NoZW1hX3ZlcnNpb24iOiIxIn0=",
          "dependencies": [
            "aws_iam_role.tf_eks_role",
            "aws_iam_role_policy_attachment.tf_attach_policy",
            "aws_subnet.tf_private_subnet-1",
            "aws_subnet.tf_private_subnet-2",
            "aws_subnet.tf_public_subnet-1",
            "aws_subnet.tf_public_subnet-2",
            "aws_vpc.tf_vpc",
            "data.aws_availability_zones.available"
          ]
        }
      ]
    },
    {
      "mode": "managed",
      "type": "aws_eks_fargate_profile",
      "name": "tf_fargate_profile",
      "provider": "provider[\"registry.terraform.io/hashicorp/aws\"]",
      "instances": [
        {
          "schema_version": 0,
          "attributes": {
            "arn": "arn:aws:eks:us-east-1:361769560846:fargateprofile/test_eks_cluster/tf_fargate_profile/50cc1da1-5b83-a322-e488-d1d220552a2e",
            "cluster_name": "test_eks_cluster",
            "fargate_profile_name": "tf_fargate_profile",
            "id": "test_eks_cluster:tf_fargate_profile",
            "pod_execution_role_arn": "arn:aws:iam::361769560846:role/tf_eks_farget_profile_role",
            "region": "us-east-1",
            "selector": [
              {
                "labels": {},
                "namespace": "default"
              },
              {
                "labels": {},
                "namespace": "kube-system"
              }
            ],
            "status": "ACTIVE",
            "subnet_ids": [
              "subnet-034d087e3daab0ba6",
              "subnet-0a355516df5b6a0b9"
            ],
            "tags": {},
            "tags_all": {},
            "timeouts": null
          },
          "sensitive_attributes": [],
          "identity_schema_version": 0,
          "private": "eyJlMmJmYjczMC1lY2FhLTExZTYtOGY4OC0zNDM2M2JjN2M0YzAiOnsiY3JlYXRlIjo2MDAwMDAwMDAwMDAsImRlbGV0ZSI6NjAwMDAwMDAwMDAwfX0=",
          "dependencies": [
            "aws_eks_cluster.tf_eks_cluster",
            "aws_iam_role.tf_eks_farget_profile_role",
            "aws_iam_role.tf_eks_role",
            "aws_iam_role_policy_attachment.tf_attach_policy",
            "aws_iam_role_policy_attachment.tf_fargate_attach_policy",
            "aws_subnet.tf_private_subnet-1",
            "aws_subnet.tf_private_subnet-2",
            "aws_subnet.tf_public_subnet-1",
            "aws_subnet.tf_public_subnet-2",
            "aws_vpc.tf_vpc",
            "data.aws_availability_zones.available"
          ]
        }
      ]
    },
    {
      "mode": "managed",
      "type": "aws_eks_node_group",
      "name": "tf_eks_node_group",
      "provider": "provider[\"registry.terraform.io/hashicorp/aws\"]",
      "instances": [
        {
          "schema_version": 0,
          "attributes": {
            "ami_type": "AL2023_x86_64_STANDARD",
            "arn": "arn:aws:eks:us-east-1:361769560846:nodegroup/test_eks_cluster/tf_eks_node_group/5ecc1db8-373a-63b8-0a16-18d5a9a0828a",
            "capacity_type": "ON_DEMAND",
            "cluster_name": "test_eks_cluster",
            "disk_size": 20,
            "force_update_version": null,
            "id": "test_eks_cluster:tf_eks_node_group",
            "instance_types": [
              "t3.medium"
            ],
            "labels": null,
            "launch_template": [],
            "node_group_name": "tf_eks_node_group",
            "node_group_name_prefix": "",
            "node_repair_config": [],
            "node_role_arn": "arn:aws:iam::361769560846:role/tf_eks_node_group_role",
            "region": "us-east-1",
            "release_version": "1.31.7-20250715",
            "remote_access": [],
            "resources": [
              {
                "autoscaling_groups": [
                  {
                    "name": "eks-tf_eks_node_group-5ecc1db8-373a-63b8-0a16-18d5a9a0828a"
                  }
                ],
                "remote_access_security_group_id": ""
              }
            ],
            "scaling_config": [
              {
                "desired_size": 2,
                "max_size": 4,
                "min_size": 1
              }
            ],
            "status": "ACTIVE",
            "subnet_ids": [
              "subnet-034d087e3daab0ba6",
              "subnet-0a355516df5b6a0b9"
            ],
            "tags": null,
            "tags_all": {},
            "taint": [],
            "timeouts": null,
            "update_config": [
              {
                "max_unavailable": 1,
                "max_unavailable_percentage": 0
              }
            ],
            "version": "1.31"
          },
          "sensitive_attributes": [],
          "identity_schema_version": 0,
          "private": "eyJlMmJmYjczMC1lY2FhLTExZTYtOGY4OC0zNDM2M2JjN2M0YzAiOnsiY3JlYXRlIjozNjAwMDAwMDAwMDAwLCJkZWxldGUiOjM2MDAwMDAwMDAwMDAsInVwZGF0ZSI6MzYwMDAwMDAwMDAwMH19",
          "dependencies": [
            "aws_eks_cluster.tf_eks_cluster",
            "aws_iam_role.tf_eks_ng_role",
            "aws_iam_role.tf_eks_role",
            "aws_iam_role_policy_attachment.tf_attach_policy",
            "aws_iam_role_policy_attachment.tf_eks_cni_policy",
            "aws_iam_role_policy_attachment.tf_eks_container_policy",
            "aws_iam_role_policy_attachment.tf_worker_node_policy",
            "aws_subnet.tf_private_subnet-1",
            "aws_subnet.tf_private_subnet-2",
            "aws_subnet.tf_public_subnet-1",
            "aws_subnet.tf_public_subnet-2",
            "aws_vpc.tf_vpc",
            "data.aws_availability_zones.available"
          ]
        }
      ]
    },
    {
      "mode": "managed",
      "type": "aws_iam_role",
      "name": "tf_eks_farget_profile_role",
      "provider": "provider[\"registry.terraform.io/hashicorp/aws\"]",
      "instances": [
        {
          "schema_version": 0,
          "attributes": {
            "arn": "arn:aws:iam::361769560846:role/tf_eks_farget_profile_role",
            "assume_role_policy": "{\"Statement\":[{\"Action\":\"sts:AssumeRole\",\"Effect\":\"Allow\",\"Principal\":{\"Service\":\"eks-fargate-pods.amazonaws.com\"},\"Sid\":\"\"}],\"Version\":\"2012-10-17\"}",
            "create_date": "2025-07-24T06:58:19Z",
            "description": "",
            "force_detach_policies": false,
            "id": "tf_eks_farget_profile_role",
            "inline_policy": [],
            "managed_policy_arns": [
              "arn:aws:iam::aws:policy/AmazonEKSFargatePodExecutionRolePolicy"
            ],
            "max_session_duration": 3600,
            "name": "tf_eks_farget_profile_role",
            "name_prefix": "",
            "path": "/",
            "permissions_boundary": "",
            "tags": {
              "tag-key": "tf_eks_farget_profile_role"
            },
            "tags_all": {
              "tag-key": "tf_eks_farget_profile_role"
            },
            "unique_id": "AROAVIOZFNMHMKPFMOHVV"
          },
          "sensitive_attributes": [],
          "identity_schema_version": 0,
          "identity": {
            "account_id": "361769560846",
            "name": "tf_eks_farget_profile_role"
          },
          "private": "bnVsbA=="
        }
      ]
    },
    {
      "mode": "managed",
      "type": "aws_iam_role",
      "name": "tf_eks_ng_role",
      "provider": "provider[\"registry.terraform.io/hashicorp/aws\"]",
      "instances": [
        {
          "schema_version": 0,
          "attributes": {
            "arn": "arn:aws:iam::361769560846:role/tf_eks_node_group_role",
            "assume_role_policy": "{\"Statement\":[{\"Action\":\"sts:AssumeRole\",\"Effect\":\"Allow\",\"Principal\":{\"Service\":\"ec2.amazonaws.com\"},\"Sid\":\"\"}],\"Version\":\"2012-10-17\"}",
            "create_date": "2025-07-24T07:57:57Z",
            "description": "",
            "force_detach_policies": false,
            "id": "tf_eks_node_group_role",
            "inline_policy": [],
            "managed_policy_arns": [],
            "max_session_duration": 3600,
            "name": "tf_eks_node_group_role",
            "name_prefix": "",
            "path": "/",
            "permissions_boundary": "",
            "tags": {
              "tag-key": "tf_eks_ng_role"
            },
            "tags_all": {
              "tag-key": "tf_eks_ng_role"
            },
            "unique_id": "AROAVIOZFNMHKELCKNN32"
          },
          "sensitive_attributes": [],
          "identity_schema_version": 0,
          "identity": {
            "account_id": "361769560846",
            "name": "tf_eks_node_group_role"
          },
          "private": "bnVsbA=="
        }
      ]
    },
    {
      "mode": "managed",
      "type": "aws_iam_role",
      "name": "tf_eks_role",
      "provider": "provider[\"registry.terraform.io/hashicorp/aws\"]",
      "instances": [
        {
          "schema_version": 0,
          "attributes": {
            "arn": "arn:aws:iam::361769560846:role/tf_eks_role",
            "assume_role_policy": "{\"Statement\":[{\"Action\":\"sts:AssumeRole\",\"Effect\":\"Allow\",\"Principal\":{\"Service\":\"eks.amazonaws.com\"},\"Sid\":\"\"}],\"Version\":\"2012-10-17\"}",
            "create_date": "2025-07-24T06:58:19Z",
            "description": "",
            "force_detach_policies": false,
            "id": "tf_eks_role",
            "inline_policy": [],
            "managed_policy_arns": [
              "arn:aws:iam::aws:policy/AmazonEKSClusterPolicy"
            ],
            "max_session_duration": 3600,
            "name": "tf_eks_role",
            "name_prefix": "",
            "path": "/",
            "permissions_boundary": "",
            "tags": {
              "tag-key": "tf_eks_role"
            },
            "tags_all": {
              "tag-key": "tf_eks_role"
            },
            "unique_id": "AROAVIOZFNMHDZZ3PUJXO"
          },
          "sensitive_attributes": [],
          "identity_schema_version": 0,
          "identity": {
            "account_id": "361769560846",
            "name": "tf_eks_role"
          },
          "private": "bnVsbA=="
        }
      ]
    },
    {
      "mode": "managed",
      "type": "aws_iam_role_policy_attachment",
      "name": "tf_attach_policy",
      "provider": "provider[\"registry.terraform.io/hashicorp/aws\"]",
      "instances": [
        {
          "schema_version": 0,
          "attributes": {
            "id": "tf_eks_role/arn:aws:iam::aws:policy/AmazonEKSClusterPolicy",
            "policy_arn": "arn:aws:iam::aws:policy/AmazonEKSClusterPolicy",
            "role": "tf_eks_role"
          },
          "sensitive_attributes": [],
          "identity_schema_version": 0,
          "identity": {
            "account_id": "361769560846",
            "policy_arn": "arn:aws:iam::aws:policy/AmazonEKSClusterPolicy",
            "role": "tf_eks_role"
          },
          "private": "bnVsbA==",
          "dependencies": [
            "aws_iam_role.tf_eks_role"
          ]
        }
      ]
    },
    {
      "mode": "managed",
      "type": "aws_iam_role_policy_attachment",
      "name": "tf_eks_cni_policy",
      "provider": "provider[\"registry.terraform.io/hashicorp/aws\"]",
      "instances": [
        {
          "schema_version": 0,
          "attributes": {
            "id": "tf_eks_node_group_role/arn:aws:iam::aws:policy/AmazonEKS_CNI_Policy",
            "policy_arn": "arn:aws:iam::aws:policy/AmazonEKS_CNI_Policy",
            "role": "tf_eks_node_group_role"
          },
          "sensitive_attributes": [],
          "identity_schema_version": 0,
          "identity": {
            "account_id": "361769560846",
            "policy_arn": "arn:aws:iam::aws:policy/AmazonEKS_CNI_Policy",
            "role": "tf_eks_node_group_role"
          },
          "private": "bnVsbA==",
          "dependencies": [
            "aws_iam_role.tf_eks_ng_role"
          ]
        }
      ]
    },
    {
      "mode": "managed",
      "type": "aws_iam_role_policy_attachment",
      "name": "tf_eks_container_policy",
      "provider": "provider[\"registry.terraform.io/hashicorp/aws\"]",
      "instances": [
        {
          "schema_version": 0,
          "attributes": {
            "id": "tf_eks_node_group_role/arn:aws:iam::aws:policy/AmazonEC2ContainerRegistryReadOnly",
            "policy_arn": "arn:aws:iam::aws:policy/AmazonEC2ContainerRegistryReadOnly",
            "role": "tf_eks_node_group_role"
          },
          "sensitive_attributes": [],
          "identity_schema_version": 0,
          "identity": {
            "account_id": "361769560846",
            "policy_arn": "arn:aws:iam::aws:policy/AmazonEC2ContainerRegistryReadOnly",
            "role": "tf_eks_node_group_role"
          },
          "private": "bnVsbA==",
          "dependencies": [
            "aws_iam_role.tf_eks_ng_role"
          ]
        }
      ]
    },
    {
      "mode": "managed",
      "type": "aws_iam_role_policy_attachment",
      "name": "tf_fargate_attach_policy",
      "provider": "provider[\"registry.terraform.io/hashicorp/aws\"]",
      "instances": [
        {
          "schema_version": 0,
          "attributes": {
            "id": "tf_eks_farget_profile_role/arn:aws:iam::aws:policy/AmazonEKSFargatePodExecutionRolePolicy",
            "policy_arn": "arn:aws:iam::aws:policy/AmazonEKSFargatePodExecutionRolePolicy",
            "role": "tf_eks_farget_profile_role"
          },
          "sensitive_attributes": [],
          "identity_schema_version": 0,
          "identity": {
            "account_id": "361769560846",
            "policy_arn": "arn:aws:iam::aws:policy/AmazonEKSFargatePodExecutionRolePolicy",
            "role": "tf_eks_farget_profile_role"
          },
          "private": "bnVsbA==",
          "dependencies": [
            "aws_iam_role.tf_eks_farget_profile_role"
          ]
        }
      ]
    },
    {
      "mode": "managed",
      "type": "aws_iam_role_policy_attachment",
      "name": "tf_worker_node_policy",
      "provider": "provider[\"registry.terraform.io/hashicorp/aws\"]",
      "instances": [
        {
          "schema_version": 0,
          "attributes": {
            "id": "tf_eks_node_group_role/arn:aws:iam::aws:policy/AmazonEKSWorkerNodePolicy",
            "policy_arn": "arn:aws:iam::aws:policy/AmazonEKSWorkerNodePolicy",
            "role": "tf_eks_node_group_role"
          },
          "sensitive_attributes": [],
          "identity_schema_version": 0,
          "identity": {
            "account_id": "361769560846",
            "policy_arn": "arn:aws:iam::aws:policy/AmazonEKSWorkerNodePolicy",
            "role": "tf_eks_node_group_role"
          },
          "private": "bnVsbA==",
          "dependencies": [
            "aws_iam_role.tf_eks_ng_role"
          ]
        }
      ]
    },
    {
      "mode": "managed",
      "type": "aws_internet_gateway",
      "name": "tf_igw",
      "provider": "provider[\"registry.terraform.io/hashicorp/aws\"]",
      "instances": [
        {
          "schema_version": 0,
          "attributes": {
            "arn": "arn:aws:ec2:us-east-1:361769560846:internet-gateway/igw-0aaf499cfc911b8d4",
            "id": "igw-0aaf499cfc911b8d4",
            "owner_id": "361769560846",
            "region": "us-east-1",
            "tags": {
              "Name": "tf_igw"
            },
            "tags_all": {
              "Name": "tf_igw"
            },
            "timeouts": null,
            "vpc_id": "vpc-0d8240ba2cddd4248"
          },
          "sensitive_attributes": [],
          "identity_schema_version": 0,
          "private": "eyJlMmJmYjczMC1lY2FhLTExZTYtOGY4OC0zNDM2M2JjN2M0YzAiOnsiY3JlYXRlIjoxMjAwMDAwMDAwMDAwLCJkZWxldGUiOjEyMDAwMDAwMDAwMDAsInVwZGF0ZSI6MTIwMDAwMDAwMDAwMH19",
          "dependencies": [
            "aws_vpc.tf_vpc"
          ]
        }
      ]
    },
    {
      "mode": "managed",
      "type": "aws_nat_gateway",
      "name": "tf_nat_gateway",
      "provider": "provider[\"registry.terraform.io/hashicorp/aws\"]",
      "instances": [
        {
          "schema_version": 0,
          "attributes": {
            "allocation_id": "eipalloc-07bd59005bfe0567e",
            "association_id": "eipassoc-0bba6503ff92ffa68",
            "connectivity_type": "public",
            "id": "nat-06870b59d2c11e418",
            "network_interface_id": "eni-0df9d2769944014ce",
            "private_ip": "11.0.10.47",
            "public_ip": "54.92.183.97",
            "region": "us-east-1",
            "secondary_allocation_ids": [],
            "secondary_private_ip_address_count": 0,
            "secondary_private_ip_addresses": [],
            "subnet_id": "subnet-080370a16589cd35c",
            "tags": {
              "Name": "tf_nat_gateway"
            },
            "tags_all": {
              "Name": "tf_nat_gateway"
            },
            "timeouts": null
          },
          "sensitive_attributes": [],
          "identity_schema_version": 0,
          "private": "eyJlMmJmYjczMC1lY2FhLTExZTYtOGY4OC0zNDM2M2JjN2M0YzAiOnsiY3JlYXRlIjo2MDAwMDAwMDAwMDAsImRlbGV0ZSI6MTgwMDAwMDAwMDAwMCwidXBkYXRlIjo2MDAwMDAwMDAwMDB9fQ==",
          "dependencies": [
            "aws_eip.tf_eip",
            "aws_internet_gateway.tf_igw",
            "aws_subnet.tf_public_subnet-1",
            "aws_vpc.tf_vpc",
            "data.aws_availability_zones.available"
          ]
        }
      ]
    },
    {
      "mode": "managed",
      "type": "aws_route_table",
      "name": "tf_private_rt",
      "provider": "provider[\"registry.terraform.io/hashicorp/aws\"]",
      "instances": [
        {
          "schema_version": 0,
          "attributes": {
            "arn": "arn:aws:ec2:us-east-1:361769560846:route-table/rtb-0adfc88a15c4e0670",
            "id": "rtb-0adfc88a15c4e0670",
            "owner_id": "361769560846",
            "propagating_vgws": [],
            "region": "us-east-1",
            "route": [
              {
                "carrier_gateway_id": "",
                "cidr_block": "0.0.0.0/0",
                "core_network_arn": "",
                "destination_prefix_list_id": "",
                "egress_only_gateway_id": "",
                "gateway_id": "",
                "ipv6_cidr_block": "",
                "local_gateway_id": "",
                "nat_gateway_id": "nat-06870b59d2c11e418",
                "network_interface_id": "",
                "transit_gateway_id": "",
                "vpc_endpoint_id": "",
                "vpc_peering_connection_id": ""
              }
            ],
            "tags": {
              "Name": "tf_private_route_table"
            },
            "tags_all": {
              "Name": "tf_private_route_table"
            },
            "timeouts": null,
            "vpc_id": "vpc-0d8240ba2cddd4248"
          },
          "sensitive_attributes": [],
          "identity_schema_version": 0,
          "private": "eyJlMmJmYjczMC1lY2FhLTExZTYtOGY4OC0zNDM2M2JjN2M0YzAiOnsiY3JlYXRlIjozMDAwMDAwMDAwMDAsImRlbGV0ZSI6MzAwMDAwMDAwMDAwLCJ1cGRhdGUiOjEyMDAwMDAwMDAwMH19",
          "dependencies": [
            "aws_eip.tf_eip",
            "aws_internet_gateway.tf_igw",
            "aws_nat_gateway.tf_nat_gateway",
            "aws_subnet.tf_public_subnet-1",
            "aws_vpc.tf_vpc",
            "data.aws_availability_zones.available"
          ]
        }
      ]
    },
    {
      "mode": "managed",
      "type": "aws_route_table",
      "name": "tf_public_rt",
      "provider": "provider[\"registry.terraform.io/hashicorp/aws\"]",
      "instances": [
        {
          "schema_version": 0,
          "attributes": {
            "arn": "arn:aws:ec2:us-east-1:361769560846:route-table/rtb-03d47899dc1ecfd4c",
            "id": "rtb-03d47899dc1ecfd4c",
            "owner_id": "361769560846",
            "propagating_vgws": [],
            "region": "us-east-1",
            "route": [
              {
                "carrier_gateway_id": "",
                "cidr_block": "0.0.0.0/0",
                "core_network_arn": "",
                "destination_prefix_list_id": "",
                "egress_only_gateway_id": "",
                "gateway_id": "igw-0aaf499cfc911b8d4",
                "ipv6_cidr_block": "",
                "local_gateway_id": "",
                "nat_gateway_id": "",
                "network_interface_id": "",
                "transit_gateway_id": "",
                "vpc_endpoint_id": "",
                "vpc_peering_connection_id": ""
              }
            ],
            "tags": {
              "Name": "tf_public_route_table"
            },
            "tags_all": {
              "Name": "tf_public_route_table"
            },
            "timeouts": null,
            "vpc_id": "vpc-0d8240ba2cddd4248"
          },
          "sensitive_attributes": [],
          "identity_schema_version": 0,
          "private": "eyJlMmJmYjczMC1lY2FhLTExZTYtOGY4OC0zNDM2M2JjN2M0YzAiOnsiY3JlYXRlIjozMDAwMDAwMDAwMDAsImRlbGV0ZSI6MzAwMDAwMDAwMDAwLCJ1cGRhdGUiOjEyMDAwMDAwMDAwMH19",
          "dependencies": [
            "aws_internet_gateway.tf_igw",
            "aws_vpc.tf_vpc"
          ]
        }
      ]
    },
    {
      "mode": "managed",
      "type": "aws_route_table_association",
      "name": "tf_private_rt_assoc_1",
      "provider": "provider[\"registry.terraform.io/hashicorp/aws\"]",
      "instances": [
        {
          "schema_version": 0,
          "attributes": {
            "gateway_id": "",
            "id": "rtbassoc-02700444fd94e1329",
            "region": "us-east-1",
            "route_table_id": "rtb-0adfc88a15c4e0670",
            "subnet_id": "subnet-034d087e3daab0ba6",
            "timeouts": null
          },
          "sensitive_attributes": [],
          "identity_schema_version": 0,
          "private": "eyJlMmJmYjczMC1lY2FhLTExZTYtOGY4OC0zNDM2M2JjN2M0YzAiOnsiY3JlYXRlIjozMDAwMDAwMDAwMDAsImRlbGV0ZSI6MzAwMDAwMDAwMDAwLCJ1cGRhdGUiOjEyMDAwMDAwMDAwMH19",
          "dependencies": [
            "aws_eip.tf_eip",
            "aws_internet_gateway.tf_igw",
            "aws_nat_gateway.tf_nat_gateway",
            "aws_route_table.tf_private_rt",
            "aws_subnet.tf_private_subnet-1",
            "aws_subnet.tf_public_subnet-1",
            "aws_vpc.tf_vpc",
            "data.aws_availability_zones.available"
          ]
        }
      ]
    },
    {
      "mode": "managed",
      "type": "aws_route_table_association",
      "name": "tf_private_rt_assoc_2",
      "provider": "provider[\"registry.terraform.io/hashicorp/aws\"]",
      "instances": [
        {
          "schema_version": 0,
          "attributes": {
            "gateway_id": "",
            "id": "rtbassoc-0dea5b06d11944903",
            "region": "us-east-1",
            "route_table_id": "rtb-0adfc88a15c4e0670",
            "subnet_id": "subnet-0a355516df5b6a0b9",
            "timeouts": null
          },
          "sensitive_attributes": [],
          "identity_schema_version": 0,
          "private": "eyJlMmJmYjczMC1lY2FhLTExZTYtOGY4OC0zNDM2M2JjN2M0YzAiOnsiY3JlYXRlIjozMDAwMDAwMDAwMDAsImRlbGV0ZSI6MzAwMDAwMDAwMDAwLCJ1cGRhdGUiOjEyMDAwMDAwMDAwMH19",
          "dependencies": [
            "aws_eip.tf_eip",
            "aws_internet_gateway.tf_igw",
            "aws_nat_gateway.tf_nat_gateway",
            "aws_route_table.tf_private_rt",
            "aws_subnet.tf_private_subnet-2",
            "aws_subnet.tf_public_subnet-1",
            "aws_vpc.tf_vpc",
            "data.aws_availability_zones.available"
          ]
        }
      ]
    },
    {
      "mode": "managed",
      "type": "aws_route_table_association",
      "name": "tf_public_rt_assoc_1",
      "provider": "provider[\"registry.terraform.io/hashicorp/aws\"]",
      "instances": [
        {
          "schema_version": 0,
          "attributes": {
            "gateway_id": "",
            "id": "rtbassoc-0f7c7cd369f2df432",
            "region": "us-east-1",
            "route_table_id": "rtb-03d47899dc1ecfd4c",
            "subnet_id": "subnet-080370a16589cd35c",
            "timeouts": null
          },
          "sensitive_attributes": [],
          "identity_schema_version": 0,
          "private": "eyJlMmJmYjczMC1lY2FhLTExZTYtOGY4OC0zNDM2M2JjN2M0YzAiOnsiY3JlYXRlIjozMDAwMDAwMDAwMDAsImRlbGV0ZSI6MzAwMDAwMDAwMDAwLCJ1cGRhdGUiOjEyMDAwMDAwMDAwMH19",
          "dependencies": [
            "aws_internet_gateway.tf_igw",
            "aws_route_table.tf_public_rt",
            "aws_subnet.tf_public_subnet-1",
            "aws_vpc.tf_vpc",
            "data.aws_availability_zones.available"
          ]
        }
      ]
    },
    {
      "mode": "managed",
      "type": "aws_route_table_association",
      "name": "tf_public_rt_assoc_2",
      "provider": "provider[\"registry.terraform.io/hashicorp/aws\"]",
      "instances": [
        {
          "schema_version": 0,
          "attributes": {
            "gateway_id": "",
            "id": "rtbassoc-0b6d2016b4c68862e",
            "region": "us-east-1",
            "route_table_id": "rtb-03d47899dc1ecfd4c",
            "subnet_id": "subnet-05ec7ceb55038cb77",
            "timeouts": null
          },
          "sensitive_attributes": [],
          "identity_schema_version": 0,
          "private": "eyJlMmJmYjczMC1lY2FhLTExZTYtOGY4OC0zNDM2M2JjN2M0YzAiOnsiY3JlYXRlIjozMDAwMDAwMDAwMDAsImRlbGV0ZSI6MzAwMDAwMDAwMDAwLCJ1cGRhdGUiOjEyMDAwMDAwMDAwMH19",
          "dependencies": [
            "aws_internet_gateway.tf_igw",
            "aws_route_table.tf_public_rt",
            "aws_subnet.tf_public_subnet-2",
            "aws_vpc.tf_vpc",
            "data.aws_availability_zones.available"
          ]
        }
      ]
    },
    {
      "mode": "managed",
      "type": "aws_subnet",
      "name": "tf_private_subnet-1",
      "provider": "provider[\"registry.terraform.io/hashicorp/aws\"]",
      "instances": [
        {
          "schema_version": 1,
          "attributes": {
            "arn": "arn:aws:ec2:us-east-1:361769560846:subnet/subnet-034d087e3daab0ba6",
            "assign_ipv6_address_on_creation": false,
            "availability_zone": "us-east-1a",
            "availability_zone_id": "use1-az6",
            "cidr_block": "11.0.110.0/24",
            "customer_owned_ipv4_pool": "",
            "enable_dns64": false,
            "enable_lni_at_device_index": 0,
            "enable_resource_name_dns_a_record_on_launch": false,
            "enable_resource_name_dns_aaaa_record_on_launch": false,
            "id": "subnet-034d087e3daab0ba6",
            "ipv6_cidr_block": "",
            "ipv6_cidr_block_association_id": "",
            "ipv6_native": false,
            "map_customer_owned_ip_on_launch": false,
            "map_public_ip_on_launch": false,
            "outpost_arn": "",
            "owner_id": "361769560846",
            "private_dns_hostname_type_on_launch": "ip-name",
            "region": "us-east-1",
            "tags": {
              "kubernetes": "eks-cluster",
              "terraform": "true"
            },
            "tags_all": {
              "kubernetes": "eks-cluster",
              "terraform": "true"
            },
            "timeouts": null,
            "vpc_id": "vpc-0d8240ba2cddd4248"
          },
          "sensitive_attributes": [],
          "identity_schema_version": 0,
          "private": "eyJlMmJmYjczMC1lY2FhLTExZTYtOGY4OC0zNDM2M2JjN2M0YzAiOnsiY3JlYXRlIjo2MDAwMDAwMDAwMDAsImRlbGV0ZSI6MTIwMDAwMDAwMDAwMH0sInNjaGVtYV92ZXJzaW9uIjoiMSJ9",
          "dependencies": [
            "aws_vpc.tf_vpc",
            "data.aws_availability_zones.available"
          ]
        }
      ]
    },
    {
      "mode": "managed",
      "type": "aws_subnet",
      "name": "tf_private_subnet-2",
      "provider": "provider[\"registry.terraform.io/hashicorp/aws\"]",
      "instances": [
        {
          "schema_version": 1,
          "attributes": {
            "arn": "arn:aws:ec2:us-east-1:361769560846:subnet/subnet-0a355516df5b6a0b9",
            "assign_ipv6_address_on_creation": false,
            "availability_zone": "us-east-1b",
            "availability_zone_id": "use1-az1",
            "cidr_block": "11.0.120.0/24",
            "customer_owned_ipv4_pool": "",
            "enable_dns64": false,
            "enable_lni_at_device_index": 0,
            "enable_resource_name_dns_a_record_on_launch": false,
            "enable_resource_name_dns_aaaa_record_on_launch": false,
            "id": "subnet-0a355516df5b6a0b9",
            "ipv6_cidr_block": "",
            "ipv6_cidr_block_association_id": "",
            "ipv6_native": false,
            "map_customer_owned_ip_on_launch": false,
            "map_public_ip_on_launch": false,
            "outpost_arn": "",
            "owner_id": "361769560846",
            "private_dns_hostname_type_on_launch": "ip-name",
            "region": "us-east-1",
            "tags": {
              "kubernetes": "eks-cluster",
              "terraform": "true"
            },
            "tags_all": {
              "kubernetes": "eks-cluster",
              "terraform": "true"
            },
            "timeouts": null,
            "vpc_id": "vpc-0d8240ba2cddd4248"
          },
          "sensitive_attributes": [],
          "identity_schema_version": 0,
          "private": "eyJlMmJmYjczMC1lY2FhLTExZTYtOGY4OC0zNDM2M2JjN2M0YzAiOnsiY3JlYXRlIjo2MDAwMDAwMDAwMDAsImRlbGV0ZSI6MTIwMDAwMDAwMDAwMH0sInNjaGVtYV92ZXJzaW9uIjoiMSJ9",
          "dependencies": [
            "aws_vpc.tf_vpc",
            "data.aws_availability_zones.available"
          ]
        }
      ]
    },
    {
      "mode": "managed",
      "type": "aws_subnet",
      "name": "tf_public_subnet-1",
      "provider": "provider[\"registry.terraform.io/hashicorp/aws\"]",
      "instances": [
        {
          "schema_version": 1,
          "attributes": {
            "arn": "arn:aws:ec2:us-east-1:361769560846:subnet/subnet-080370a16589cd35c",
            "assign_ipv6_address_on_creation": false,
            "availability_zone": "us-east-1a",
            "availability_zone_id": "use1-az6",
            "cidr_block": "11.0.10.0/24",
            "customer_owned_ipv4_pool": "",
            "enable_dns64": false,
            "enable_lni_at_device_index": 0,
            "enable_resource_name_dns_a_record_on_launch": false,
            "enable_resource_name_dns_aaaa_record_on_launch": false,
            "id": "subnet-080370a16589cd35c",
            "ipv6_cidr_block": "",
            "ipv6_cidr_block_association_id": "",
            "ipv6_native": false,
            "map_customer_owned_ip_on_launch": false,
            "map_public_ip_on_launch": false,
            "outpost_arn": "",
            "owner_id": "361769560846",
            "private_dns_hostname_type_on_launch": "ip-name",
            "region": "us-east-1",
            "tags": {
              "kubernetes": "eks-cluster",
              "terraform": "true"
            },
            "tags_all": {
              "kubernetes": "eks-cluster",
              "terraform": "true"
            },
            "timeouts": null,
            "vpc_id": "vpc-0d8240ba2cddd4248"
          },
          "sensitive_attributes": [],
          "identity_schema_version": 0,
          "private": "eyJlMmJmYjczMC1lY2FhLTExZTYtOGY4OC0zNDM2M2JjN2M0YzAiOnsiY3JlYXRlIjo2MDAwMDAwMDAwMDAsImRlbGV0ZSI6MTIwMDAwMDAwMDAwMH0sInNjaGVtYV92ZXJzaW9uIjoiMSJ9",
          "dependencies": [
            "aws_vpc.tf_vpc",
            "data.aws_availability_zones.available"
          ]
        }
      ]
    },
    {
      "mode": "managed",
      "type": "aws_subnet",
      "name": "tf_public_subnet-2",
      "provider": "provider[\"registry.terraform.io/hashicorp/aws\"]",
      "instances": [
        {
          "schema_version": 1,
          "attributes": {
            "arn": "arn:aws:ec2:us-east-1:361769560846:subnet/subnet-05ec7ceb55038cb77",
            "assign_ipv6_address_on_creation": false,
            "availability_zone": "us-east-1b",
            "availability_zone_id": "use1-az1",
            "cidr_block": "11.0.20.0/24",
            "customer_owned_ipv4_pool": "",
            "enable_dns64": false,
            "enable_lni_at_device_index": 0,
            "enable_resource_name_dns_a_record_on_launch": false,
            "enable_resource_name_dns_aaaa_record_on_launch": false,
            "id": "subnet-05ec7ceb55038cb77",
            "ipv6_cidr_block": "",
            "ipv6_cidr_block_association_id": "",
            "ipv6_native": false,
            "map_customer_owned_ip_on_launch": false,
            "map_public_ip_on_launch": false,
            "outpost_arn": "",
            "owner_id": "361769560846",
            "private_dns_hostname_type_on_launch": "ip-name",
            "region": "us-east-1",
            "tags": {
              "kubernetes": "eks-cluster",
              "terraform": "true"
            },
            "tags_all": {
              "kubernetes": "eks-cluster",
              "terraform": "true"
            },
            "timeouts": null,
            "vpc_id": "vpc-0d8240ba2cddd4248"
          },
          "sensitive_attributes": [],
          "identity_schema_version": 0,
          "private": "eyJlMmJmYjczMC1lY2FhLTExZTYtOGY4OC0zNDM2M2JjN2M0YzAiOnsiY3JlYXRlIjo2MDAwMDAwMDAwMDAsImRlbGV0ZSI6MTIwMDAwMDAwMDAwMH0sInNjaGVtYV92ZXJzaW9uIjoiMSJ9",
          "dependencies": [
            "aws_vpc.tf_vpc",
            "data.aws_availability_zones.available"
          ]
        }
      ]
    },
    {
      "mode": "managed",
      "type": "aws_vpc",
      "name": "tf_vpc",
      "provider": "provider[\"registry.terraform.io/hashicorp/aws\"]",
      "instances": [
        {
          "schema_version": 1,
          "attributes": {
            "arn": "arn:aws:ec2:us-east-1:361769560846:vpc/vpc-0d8240ba2cddd4248",
            "assign_generated_ipv6_cidr_block": false,
            "cidr_block": "11.0.0.0/16",
            "default_network_acl_id": "acl-03b7c99a0fdb9618a",
            "default_route_table_id": "rtb-0b9bb97cfc18cec97",
            "default_security_group_id": "sg-024b8db820c4a272b",
            "dhcp_options_id": "dopt-0943dc14ba002e289",
            "enable_dns_hostnames": true,
            "enable_dns_support": true,
            "enable_network_address_usage_metrics": false,
            "id": "vpc-0d8240ba2cddd4248",
            "instance_tenancy": "default",
            "ipv4_ipam_pool_id": null,
            "ipv4_netmask_length": null,
            "ipv6_association_id": "",
            "ipv6_cidr_block": "",
            "ipv6_cidr_block_network_border_group": "",
            "ipv6_ipam_pool_id": "",
            "ipv6_netmask_length": 0,
            "main_route_table_id": "rtb-0b9bb97cfc18cec97",
            "owner_id": "361769560846",
            "region": "us-east-1",
            "tags": {
              "Name": "Eks VPC"
            },
            "tags_all": {
              "Name": "Eks VPC"
            }
          },
          "sensitive_attributes": [],
          "identity_schema_version": 0,
          "private": "eyJzY2hlbWFfdmVyc2lvbiI6IjEifQ=="
        }
      ]
    }
  ],
  "check_results": null
}
